// !$*UTF8*$!
{
	archiveVersion = 1;
	classes = {
	};
	objectVersion = 56;
	objects = {

/* Begin PBXBuildFile section */
		810B20C62DA25EE9005041A4 /* ReminderModificationController.swift in Sources */ = {isa = PBXBuildFile; fileRef = 810B20C52DA25EE9005041A4 /* ReminderModificationController.swift */; };
		8118A10F2D5E90FD00A9FF08 /* ReminderModificationView.swift in Sources */ = {isa = PBXBuildFile; fileRef = 8118A10E2D5E90FD00A9FF08 /* ReminderModificationView.swift */; };
		8118A1112D5FA1B000A9FF08 /* StepperTextField.swift in Sources */ = {isa = PBXBuildFile; fileRef = 8118A1102D5FA1B000A9FF08 /* StepperTextField.swift */; };
		8118A1132D5FB2FE00A9FF08 /* ContentView.swift in Sources */ = {isa = PBXBuildFile; fileRef = 8118A1122D5FB2FE00A9FF08 /* ContentView.swift */; };
		8118A11A2D63E42A00A9FF08 /* LICENSE in Resources */ = {isa = PBXBuildFile; fileRef = 8118A1182D63E42A00A9FF08 /* LICENSE */; };
		8118A11B2D63E42A00A9FF08 /* README.md in Resources */ = {isa = PBXBuildFile; fileRef = 8118A1192D63E42A00A9FF08 /* README.md */; };
		8118A11D2D6667AC00A9FF08 /* ReminderDayOptions.swift in Sources */ = {isa = PBXBuildFile; fileRef = 8118A11C2D6667AC00A9FF08 /* ReminderDayOptions.swift */; };
		8118A1242D66734E00A9FF08 /* Array+Extensions.swift in Sources */ = {isa = PBXBuildFile; fileRef = 8118A1232D66734E00A9FF08 /* Array+Extensions.swift */; };
		8118A1262D68C62100A9FF08 /* ReminderActivationEvents.swift in Sources */ = {isa = PBXBuildFile; fileRef = 8118A1252D68C62100A9FF08 /* ReminderActivationEvents.swift */; };
		8118A1302D6A6E7F00A9FF08 /* AboutPreferencesView.swift in Sources */ = {isa = PBXBuildFile; fileRef = 8118A1292D6A6E7F00A9FF08 /* AboutPreferencesView.swift */; };
		8118A1312D6A6E7F00A9FF08 /* AppPreferences.swift in Sources */ = {isa = PBXBuildFile; fileRef = 8118A12A2D6A6E7F00A9FF08 /* AppPreferences.swift */; };
		8118A1322D6A6E7F00A9FF08 /* GeneralPreferencesView.swift in Sources */ = {isa = PBXBuildFile; fileRef = 8118A12B2D6A6E7F00A9FF08 /* GeneralPreferencesView.swift */; };
		8118A1332D6A6E7F00A9FF08 /* PreferenceCaption.swift in Sources */ = {isa = PBXBuildFile; fileRef = 8118A12C2D6A6E7F00A9FF08 /* PreferenceCaption.swift */; };
		8118A1342D6A6E7F00A9FF08 /* RemindersPreferencesView.swift in Sources */ = {isa = PBXBuildFile; fileRef = 8118A12D2D6A6E7F00A9FF08 /* RemindersPreferencesView.swift */; };
		8118A1352D6A6E7F00A9FF08 /* SchedulingPreferencesView.swift in Sources */ = {isa = PBXBuildFile; fileRef = 8118A12E2D6A6E7F00A9FF08 /* SchedulingPreferencesView.swift */; };
		8118A1392D6A712F00A9FF08 /* ReminderScheduleOptionsView.swift in Sources */ = {isa = PBXBuildFile; fileRef = 8118A1382D6A712F00A9FF08 /* ReminderScheduleOptionsView.swift */; };
		8118A13B2D6A72AC00A9FF08 /* ReminderPreferences.swift in Sources */ = {isa = PBXBuildFile; fileRef = 8118A13A2D6A72AC00A9FF08 /* ReminderPreferences.swift */; };
		8118A13D2D6A786900A9FF08 /* ReminderDayOptionsView.swift in Sources */ = {isa = PBXBuildFile; fileRef = 8118A13C2D6A786900A9FF08 /* ReminderDayOptionsView.swift */; };
		8118A13F2D6A790E00A9FF08 /* ReminderAudioOptionsView.swift in Sources */ = {isa = PBXBuildFile; fileRef = 8118A13E2D6A790E00A9FF08 /* ReminderAudioOptionsView.swift */; };
		8118A1412D6CE2C500A9FF08 /* Sequence+Extensions.swift in Sources */ = {isa = PBXBuildFile; fileRef = 8118A1402D6CE2C500A9FF08 /* Sequence+Extensions.swift */; };
		8118A1432D6CE66200A9FF08 /* OptionSet+Extensions.swift in Sources */ = {isa = PBXBuildFile; fileRef = 8118A1422D6CE66200A9FF08 /* OptionSet+Extensions.swift */; };
		8118A1452D6DD51A00A9FF08 /* Collection+Extensions.swift in Sources */ = {isa = PBXBuildFile; fileRef = 8118A1442D6DD51A00A9FF08 /* Collection+Extensions.swift */; };
		81265B262DCDD510005C95F2 /* NumericTextField.swift in Sources */ = {isa = PBXBuildFile; fileRef = 81265B252DCDD510005C95F2 /* NumericTextField.swift */; };
		812D23E72DAD9B4400675783 /* .swiftformat in Resources */ = {isa = PBXBuildFile; fileRef = 812D23E62DAD9B4400675783 /* .swiftformat */; };
		812F8F642DFF2D2A008232A6 /* ReminderDescriptionView.swift in Sources */ = {isa = PBXBuildFile; fileRef = 812F8F632DFF2D2A008232A6 /* ReminderDescriptionView.swift */; };
		813F30DD2D22B93E00EF6DD1 /* ColourString.swift in Sources */ = {isa = PBXBuildFile; fileRef = 813F30DC2D22B93E00EF6DD1 /* ColourString.swift */; };
		813F30E62D25FE0B00EF6DD1 /* swiftgen.yml in Resources */ = {isa = PBXBuildFile; fileRef = 813F30E52D25FE0B00EF6DD1 /* swiftgen.yml */; };
		813F30EE2D261FD300EF6DD1 /* PreferencesViewController.swift in Sources */ = {isa = PBXBuildFile; fileRef = 813F30EC2D261FD300EF6DD1 /* PreferencesViewController.swift */; };
		813F30F62D27D7DA00EF6DD1 /* Localizable.strings in Resources */ = {isa = PBXBuildFile; fileRef = 813F30F42D27D7DA00EF6DD1 /* Localizable.strings */; };
		813F30F92D27D86500EF6DD1 /* Strings.swift in Sources */ = {isa = PBXBuildFile; fileRef = 813F30F72D27D86500EF6DD1 /* Strings.swift */; };
		813F30FD2D292A0000EF6DD1 /* ReminderTickInterval.swift in Sources */ = {isa = PBXBuildFile; fileRef = 813F30FC2D2929FF00EF6DD1 /* ReminderTickInterval.swift */; };
		813F31052D2B320700EF6DD1 /* ReminderManager.swift in Sources */ = {isa = PBXBuildFile; fileRef = 813F31042D2B320700EF6DD1 /* ReminderManager.swift */; };
		813F31092D2E91E000EF6DD1 /* ReminderInterval.swift in Sources */ = {isa = PBXBuildFile; fileRef = 813F31082D2E91E000EF6DD1 /* ReminderInterval.swift */; };
		813F310B2D2E9B7F00EF6DD1 /* RepeatInterval.swift in Sources */ = {isa = PBXBuildFile; fileRef = 813F310A2D2E9B7F00EF6DD1 /* RepeatInterval.swift */; };
		813F310D2D2E9E0600EF6DD1 /* ReminderState.swift in Sources */ = {isa = PBXBuildFile; fileRef = 813F310C2D2E9E0600EF6DD1 /* ReminderState.swift */; };
		813F310F2D2EA0E800EF6DD1 /* AnyReminderInterval.swift in Sources */ = {isa = PBXBuildFile; fileRef = 813F310E2D2EA0E800EF6DD1 /* AnyReminderInterval.swift */; };
		813F31132D2EA7AF00EF6DD1 /* ReminderContent.swift in Sources */ = {isa = PBXBuildFile; fileRef = 813F31122D2EA7AF00EF6DD1 /* ReminderContent.swift */; };
		813F31152D2EA99C00EF6DD1 /* ReminderCounts.swift in Sources */ = {isa = PBXBuildFile; fileRef = 813F31142D2EA99C00EF6DD1 /* ReminderCounts.swift */; };
		813F31172D328C4400EF6DD1 /* JSONEncoder+Extensions.swift in Sources */ = {isa = PBXBuildFile; fileRef = 813F31162D328C4400EF6DD1 /* JSONEncoder+Extensions.swift */; };
		813F311E2D3B0B1D00EF6DD1 /* FileManager+Extensions.swift in Sources */ = {isa = PBXBuildFile; fileRef = 813F311D2D3B0B1D00EF6DD1 /* FileManager+Extensions.swift */; };
		813F31202D3B1D2900EF6DD1 /* JSONDecoder+Extensions.swift in Sources */ = {isa = PBXBuildFile; fileRef = 813F311F2D3B1D2900EF6DD1 /* JSONDecoder+Extensions.swift */; };
		813F31232D3BB34B00EF6DD1 /* Collections in Frameworks */ = {isa = PBXBuildFile; productRef = 813F31222D3BB34B00EF6DD1 /* Collections */; };
		813F31252D3BB42800EF6DD1 /* ReminderID.swift in Sources */ = {isa = PBXBuildFile; fileRef = 813F31242D3BB42800EF6DD1 /* ReminderID.swift */; };
		81412F922DD7A20200BD2EA3 /* ReminderValidator.swift in Sources */ = {isa = PBXBuildFile; fileRef = 81412F912DD7A20200BD2EA3 /* ReminderValidator.swift */; };
		81412F942DD7C12300BD2EA3 /* ModificationViewPreferences.swift in Sources */ = {isa = PBXBuildFile; fileRef = 81412F932DD7C12300BD2EA3 /* ModificationViewPreferences.swift */; };
		814C2BB22DBF6658001929CB /* Notification+Extensions.swift in Sources */ = {isa = PBXBuildFile; fileRef = 814C2BB12DBF6658001929CB /* Notification+Extensions.swift */; };
		8163F5D32D1241D40052A016 /* RandomReminderApp.swift in Sources */ = {isa = PBXBuildFile; fileRef = 8163F5D22D1241D40052A016 /* RandomReminderApp.swift */; };
		8163F5D72D1241D50052A016 /* Assets.xcassets in Resources */ = {isa = PBXBuildFile; fileRef = 8163F5D62D1241D50052A016 /* Assets.xcassets */; };
		8163F5DA2D1241D50052A016 /* Preview Assets.xcassets in Resources */ = {isa = PBXBuildFile; fileRef = 8163F5D92D1241D50052A016 /* Preview Assets.xcassets */; };
		8163F60A2D139C230052A016 /* LaunchAtLogin in Frameworks */ = {isa = PBXBuildFile; productRef = 8163F6092D139C230052A016 /* LaunchAtLogin */; };
		8163F60E2D13A7540052A016 /* AppDelegate.swift in Sources */ = {isa = PBXBuildFile; fileRef = 8163F60D2D13A7540052A016 /* AppDelegate.swift */; };
		8163F6132D13A90E0052A016 /* StatusBarController.swift in Sources */ = {isa = PBXBuildFile; fileRef = 8163F6112D13A90E0052A016 /* StatusBarController.swift */; };
		818895A62DDF0BE9005B55C0 /* AutoRawRepresentable.swift in Sources */ = {isa = PBXBuildFile; fileRef = 818895A52DDF0BE9005B55C0 /* AutoRawRepresentable.swift */; };
		818895A82DDF129E005B55C0 /* EnumRawRepresentable.swift in Sources */ = {isa = PBXBuildFile; fileRef = 818895A72DDF129E005B55C0 /* EnumRawRepresentable.swift */; };
		818DEF412DAE6D18005F5AEA /* .swift-version in Resources */ = {isa = PBXBuildFile; fileRef = 818DEF402DAE6D18005F5AEA /* .swift-version */; };
		819BDD472D8C059C005059AD /* ActiveReminderService.swift in Sources */ = {isa = PBXBuildFile; fileRef = 819BDD462D8C059C005059AD /* ActiveReminderService.swift */; };
		81A529F42DB76EC900E71409 /* Preview+Extensions.swift in Sources */ = {isa = PBXBuildFile; fileRef = 81A529F32DB76EC900E71409 /* Preview+Extensions.swift */; };
		81B525F72D18E164008D36F0 /* Constants.swift in Sources */ = {isa = PBXBuildFile; fileRef = 81B525F62D18E164008D36F0 /* Constants.swift */; };
		81B525FC2D19277B008D36F0 /* ReminderActivatorService.swift in Sources */ = {isa = PBXBuildFile; fileRef = 81B525FB2D19277B008D36F0 /* ReminderActivatorService.swift */; };
		81B525FE2D1928BB008D36F0 /* TimeOnly.swift in Sources */ = {isa = PBXBuildFile; fileRef = 81B525FD2D1928BB008D36F0 /* TimeOnly.swift */; };
		81B526042D1A23F6008D36F0 /* Date+Extensions.swift in Sources */ = {isa = PBXBuildFile; fileRef = 81B526032D1A23F6008D36F0 /* Date+Extensions.swift */; };
		81B526062D1A4EF7008D36F0 /* DualDatePickerView.swift in Sources */ = {isa = PBXBuildFile; fileRef = 81B526052D1A4EF7008D36F0 /* DualDatePickerView.swift */; };
		81B526102D20068F008D36F0 /* RandomReminder.swift in Sources */ = {isa = PBXBuildFile; fileRef = 81B5260F2D20068F008D36F0 /* RandomReminder.swift */; };
		81B526152D20A522008D36F0 /* FancyLogger.swift in Sources */ = {isa = PBXBuildFile; fileRef = 81B526142D20A522008D36F0 /* FancyLogger.swift */; };
		81B5261A2D213905008D36F0 /* Settings+Extensions.swift in Sources */ = {isa = PBXBuildFile; fileRef = 81B526192D213905008D36F0 /* Settings+Extensions.swift */; };
		81B5261D2D213B23008D36F0 /* Settings in Frameworks */ = {isa = PBXBuildFile; productRef = 81B5261C2D213B23008D36F0 /* Settings */; };
		81BB7B182D954399004C69D6 /* SchedulingPreferences.swift in Sources */ = {isa = PBXBuildFile; fileRef = 81BB7B172D954399004C69D6 /* SchedulingPreferences.swift */; };
		81C043622D8AEEC60074E60B /* NotificationManager.swift in Sources */ = {isa = PBXBuildFile; fileRef = 81C043612D8AEEC60074E60B /* NotificationManager.swift */; };
		81C373182D8F288900A98A59 /* .swiftlint.yml in Resources */ = {isa = PBXBuildFile; fileRef = 81C373172D8F288900A98A59 /* .swiftlint.yml */; };
		81DB8EB72DA4FCC600E50650 /* Locked.swift in Sources */ = {isa = PBXBuildFile; fileRef = 81DB8EB62DA4FCC600E50650 /* Locked.swift */; };
		81E8D2032DB9815C00F1BF97 /* MutableReminder.swift in Sources */ = {isa = PBXBuildFile; fileRef = 81E8D1FF2DB9815C00F1BF97 /* MutableReminder.swift */; };
		81E8D2042DB9815C00F1BF97 /* TimeInfoProvider.swift in Sources */ = {isa = PBXBuildFile; fileRef = 81E8D2012DB9815C00F1BF97 /* TimeInfoProvider.swift */; };
		81E8D2052DB9815C00F1BF97 /* ReminderSerializer.swift in Sources */ = {isa = PBXBuildFile; fileRef = 81E8D2002DB9815C00F1BF97 /* ReminderSerializer.swift */; };
/* End PBXBuildFile section */

/* Begin PBXFileReference section */
		810B20C52DA25EE9005041A4 /* ReminderModificationController.swift */ = {isa = PBXFileReference; lastKnownFileType = sourcecode.swift; path = ReminderModificationController.swift; sourceTree = "<group>"; };
		8118A10E2D5E90FD00A9FF08 /* ReminderModificationView.swift */ = {isa = PBXFileReference; lastKnownFileType = sourcecode.swift; path = ReminderModificationView.swift; sourceTree = "<group>"; };
		8118A1102D5FA1B000A9FF08 /* StepperTextField.swift */ = {isa = PBXFileReference; lastKnownFileType = sourcecode.swift; path = StepperTextField.swift; sourceTree = "<group>"; };
		8118A1122D5FB2FE00A9FF08 /* ContentView.swift */ = {isa = PBXFileReference; lastKnownFileType = sourcecode.swift; path = ContentView.swift; sourceTree = "<group>"; };
		8118A1182D63E42A00A9FF08 /* LICENSE */ = {isa = PBXFileReference; fileEncoding = 4; lastKnownFileType = text; path = LICENSE; sourceTree = "<group>"; };
		8118A1192D63E42A00A9FF08 /* README.md */ = {isa = PBXFileReference; fileEncoding = 4; lastKnownFileType = net.daringfireball.markdown; path = README.md; sourceTree = "<group>"; };
		8118A11C2D6667AC00A9FF08 /* ReminderDayOptions.swift */ = {isa = PBXFileReference; lastKnownFileType = sourcecode.swift; path = ReminderDayOptions.swift; sourceTree = "<group>"; };
		8118A1232D66734E00A9FF08 /* Array+Extensions.swift */ = {isa = PBXFileReference; lastKnownFileType = sourcecode.swift; path = "Array+Extensions.swift"; sourceTree = "<group>"; };
		8118A1252D68C62100A9FF08 /* ReminderActivationEvents.swift */ = {isa = PBXFileReference; lastKnownFileType = sourcecode.swift; path = ReminderActivationEvents.swift; sourceTree = "<group>"; };
		8118A1292D6A6E7F00A9FF08 /* AboutPreferencesView.swift */ = {isa = PBXFileReference; fileEncoding = 4; lastKnownFileType = sourcecode.swift; path = AboutPreferencesView.swift; sourceTree = "<group>"; };
		8118A12A2D6A6E7F00A9FF08 /* AppPreferences.swift */ = {isa = PBXFileReference; fileEncoding = 4; lastKnownFileType = sourcecode.swift; path = AppPreferences.swift; sourceTree = "<group>"; };
		8118A12B2D6A6E7F00A9FF08 /* GeneralPreferencesView.swift */ = {isa = PBXFileReference; fileEncoding = 4; lastKnownFileType = sourcecode.swift; path = GeneralPreferencesView.swift; sourceTree = "<group>"; };
		8118A12C2D6A6E7F00A9FF08 /* PreferenceCaption.swift */ = {isa = PBXFileReference; fileEncoding = 4; lastKnownFileType = sourcecode.swift; path = PreferenceCaption.swift; sourceTree = "<group>"; };
		8118A12D2D6A6E7F00A9FF08 /* RemindersPreferencesView.swift */ = {isa = PBXFileReference; fileEncoding = 4; lastKnownFileType = sourcecode.swift; path = RemindersPreferencesView.swift; sourceTree = "<group>"; };
		8118A12E2D6A6E7F00A9FF08 /* SchedulingPreferencesView.swift */ = {isa = PBXFileReference; fileEncoding = 4; lastKnownFileType = sourcecode.swift; path = SchedulingPreferencesView.swift; sourceTree = "<group>"; };
		8118A1382D6A712F00A9FF08 /* ReminderScheduleOptionsView.swift */ = {isa = PBXFileReference; lastKnownFileType = sourcecode.swift; path = ReminderScheduleOptionsView.swift; sourceTree = "<group>"; };
		8118A13A2D6A72AC00A9FF08 /* ReminderPreferences.swift */ = {isa = PBXFileReference; lastKnownFileType = sourcecode.swift; path = ReminderPreferences.swift; sourceTree = "<group>"; };
		8118A13C2D6A786900A9FF08 /* ReminderDayOptionsView.swift */ = {isa = PBXFileReference; lastKnownFileType = sourcecode.swift; path = ReminderDayOptionsView.swift; sourceTree = "<group>"; };
		8118A13E2D6A790E00A9FF08 /* ReminderAudioOptionsView.swift */ = {isa = PBXFileReference; lastKnownFileType = sourcecode.swift; path = ReminderAudioOptionsView.swift; sourceTree = "<group>"; };
		8118A1402D6CE2C500A9FF08 /* Sequence+Extensions.swift */ = {isa = PBXFileReference; lastKnownFileType = sourcecode.swift; path = "Sequence+Extensions.swift"; sourceTree = "<group>"; };
		8118A1422D6CE66200A9FF08 /* OptionSet+Extensions.swift */ = {isa = PBXFileReference; lastKnownFileType = sourcecode.swift; path = "OptionSet+Extensions.swift"; sourceTree = "<group>"; };
		8118A1442D6DD51A00A9FF08 /* Collection+Extensions.swift */ = {isa = PBXFileReference; lastKnownFileType = sourcecode.swift; path = "Collection+Extensions.swift"; sourceTree = "<group>"; };
		81265B252DCDD510005C95F2 /* NumericTextField.swift */ = {isa = PBXFileReference; lastKnownFileType = sourcecode.swift; path = NumericTextField.swift; sourceTree = "<group>"; };
		812D23E62DAD9B4400675783 /* .swiftformat */ = {isa = PBXFileReference; lastKnownFileType = text; path = .swiftformat; sourceTree = "<group>"; };
		812F8F632DFF2D2A008232A6 /* ReminderDescriptionView.swift */ = {isa = PBXFileReference; lastKnownFileType = sourcecode.swift; path = ReminderDescriptionView.swift; sourceTree = "<group>"; };
		813F30DC2D22B93E00EF6DD1 /* ColourString.swift */ = {isa = PBXFileReference; lastKnownFileType = sourcecode.swift; path = ColourString.swift; sourceTree = "<group>"; };
		813F30E52D25FE0B00EF6DD1 /* swiftgen.yml */ = {isa = PBXFileReference; lastKnownFileType = text.yaml; path = swiftgen.yml; sourceTree = "<group>"; };
		813F30EC2D261FD300EF6DD1 /* PreferencesViewController.swift */ = {isa = PBXFileReference; fileEncoding = 4; lastKnownFileType = sourcecode.swift; path = PreferencesViewController.swift; sourceTree = "<group>"; };
		813F30F32D27D7DA00EF6DD1 /* Base */ = {isa = PBXFileReference; lastKnownFileType = text.plist.strings; name = Base; path = Localizable.strings; sourceTree = "<group>"; };
		813F30F72D27D86500EF6DD1 /* Strings.swift */ = {isa = PBXFileReference; fileEncoding = 4; lastKnownFileType = sourcecode.swift; path = Strings.swift; sourceTree = "<group>"; };
		813F30FC2D2929FF00EF6DD1 /* ReminderTickInterval.swift */ = {isa = PBXFileReference; lastKnownFileType = sourcecode.swift; path = ReminderTickInterval.swift; sourceTree = "<group>"; };
		813F31042D2B320700EF6DD1 /* ReminderManager.swift */ = {isa = PBXFileReference; lastKnownFileType = sourcecode.swift; path = ReminderManager.swift; sourceTree = "<group>"; };
		813F31082D2E91E000EF6DD1 /* ReminderInterval.swift */ = {isa = PBXFileReference; lastKnownFileType = sourcecode.swift; path = ReminderInterval.swift; sourceTree = "<group>"; };
		813F310A2D2E9B7F00EF6DD1 /* RepeatInterval.swift */ = {isa = PBXFileReference; lastKnownFileType = sourcecode.swift; path = RepeatInterval.swift; sourceTree = "<group>"; };
		813F310C2D2E9E0600EF6DD1 /* ReminderState.swift */ = {isa = PBXFileReference; lastKnownFileType = sourcecode.swift; path = ReminderState.swift; sourceTree = "<group>"; };
		813F310E2D2EA0E800EF6DD1 /* AnyReminderInterval.swift */ = {isa = PBXFileReference; lastKnownFileType = sourcecode.swift; path = AnyReminderInterval.swift; sourceTree = "<group>"; };
		813F31122D2EA7AF00EF6DD1 /* ReminderContent.swift */ = {isa = PBXFileReference; lastKnownFileType = sourcecode.swift; path = ReminderContent.swift; sourceTree = "<group>"; };
		813F31142D2EA99C00EF6DD1 /* ReminderCounts.swift */ = {isa = PBXFileReference; lastKnownFileType = sourcecode.swift; path = ReminderCounts.swift; sourceTree = "<group>"; };
		813F31162D328C4400EF6DD1 /* JSONEncoder+Extensions.swift */ = {isa = PBXFileReference; lastKnownFileType = sourcecode.swift; path = "JSONEncoder+Extensions.swift"; sourceTree = "<group>"; };
		813F311D2D3B0B1D00EF6DD1 /* FileManager+Extensions.swift */ = {isa = PBXFileReference; lastKnownFileType = sourcecode.swift; path = "FileManager+Extensions.swift"; sourceTree = "<group>"; };
		813F311F2D3B1D2900EF6DD1 /* JSONDecoder+Extensions.swift */ = {isa = PBXFileReference; lastKnownFileType = sourcecode.swift; path = "JSONDecoder+Extensions.swift"; sourceTree = "<group>"; };
		813F31242D3BB42800EF6DD1 /* ReminderID.swift */ = {isa = PBXFileReference; lastKnownFileType = sourcecode.swift; path = ReminderID.swift; sourceTree = "<group>"; };
		81412F912DD7A20200BD2EA3 /* ReminderValidator.swift */ = {isa = PBXFileReference; lastKnownFileType = sourcecode.swift; path = ReminderValidator.swift; sourceTree = "<group>"; };
		81412F932DD7C12300BD2EA3 /* ModificationViewPreferences.swift */ = {isa = PBXFileReference; lastKnownFileType = sourcecode.swift; path = ModificationViewPreferences.swift; sourceTree = "<group>"; };
		814C2BB12DBF6658001929CB /* Notification+Extensions.swift */ = {isa = PBXFileReference; lastKnownFileType = sourcecode.swift; path = "Notification+Extensions.swift"; sourceTree = "<group>"; };
		8163F5CF2D1241D40052A016 /* RandomReminder.app */ = {isa = PBXFileReference; explicitFileType = wrapper.application; includeInIndex = 0; path = RandomReminder.app; sourceTree = BUILT_PRODUCTS_DIR; };
		8163F5D22D1241D40052A016 /* RandomReminderApp.swift */ = {isa = PBXFileReference; lastKnownFileType = sourcecode.swift; path = RandomReminderApp.swift; sourceTree = "<group>"; };
		8163F5D62D1241D50052A016 /* Assets.xcassets */ = {isa = PBXFileReference; lastKnownFileType = folder.assetcatalog; path = Assets.xcassets; sourceTree = "<group>"; };
		8163F5D92D1241D50052A016 /* Preview Assets.xcassets */ = {isa = PBXFileReference; lastKnownFileType = folder.assetcatalog; path = "Preview Assets.xcassets"; sourceTree = "<group>"; };
		8163F5DB2D1241D50052A016 /* RandomReminder.entitlements */ = {isa = PBXFileReference; lastKnownFileType = text.plist.entitlements; path = RandomReminder.entitlements; sourceTree = "<group>"; };
		8163F60D2D13A7540052A016 /* AppDelegate.swift */ = {isa = PBXFileReference; lastKnownFileType = sourcecode.swift; path = AppDelegate.swift; sourceTree = "<group>"; };
		8163F6112D13A90E0052A016 /* StatusBarController.swift */ = {isa = PBXFileReference; fileEncoding = 4; lastKnownFileType = sourcecode.swift; path = StatusBarController.swift; sourceTree = "<group>"; };
		818895A52DDF0BE9005B55C0 /* AutoRawRepresentable.swift */ = {isa = PBXFileReference; lastKnownFileType = sourcecode.swift; path = AutoRawRepresentable.swift; sourceTree = "<group>"; };
		818895A72DDF129E005B55C0 /* EnumRawRepresentable.swift */ = {isa = PBXFileReference; lastKnownFileType = sourcecode.swift; path = EnumRawRepresentable.swift; sourceTree = "<group>"; };
		818DEF402DAE6D18005F5AEA /* .swift-version */ = {isa = PBXFileReference; lastKnownFileType = text; path = ".swift-version"; sourceTree = "<group>"; };
		819BDD462D8C059C005059AD /* ActiveReminderService.swift */ = {isa = PBXFileReference; lastKnownFileType = sourcecode.swift; path = ActiveReminderService.swift; sourceTree = "<group>"; };
		81A529F32DB76EC900E71409 /* Preview+Extensions.swift */ = {isa = PBXFileReference; lastKnownFileType = sourcecode.swift; path = "Preview+Extensions.swift"; sourceTree = "<group>"; };
		81B525F62D18E164008D36F0 /* Constants.swift */ = {isa = PBXFileReference; lastKnownFileType = sourcecode.swift; name = Constants.swift; path = RandomReminder/Constants.swift; sourceTree = SOURCE_ROOT; };
		81B525FB2D19277B008D36F0 /* ReminderActivatorService.swift */ = {isa = PBXFileReference; lastKnownFileType = sourcecode.swift; path = ReminderActivatorService.swift; sourceTree = "<group>"; };
		81B525FD2D1928BB008D36F0 /* TimeOnly.swift */ = {isa = PBXFileReference; lastKnownFileType = sourcecode.swift; path = TimeOnly.swift; sourceTree = "<group>"; };
		81B526032D1A23F6008D36F0 /* Date+Extensions.swift */ = {isa = PBXFileReference; lastKnownFileType = sourcecode.swift; path = "Date+Extensions.swift"; sourceTree = "<group>"; };
		81B526052D1A4EF7008D36F0 /* DualDatePickerView.swift */ = {isa = PBXFileReference; lastKnownFileType = sourcecode.swift; path = DualDatePickerView.swift; sourceTree = "<group>"; };
		81B5260F2D20068F008D36F0 /* RandomReminder.swift */ = {isa = PBXFileReference; lastKnownFileType = sourcecode.swift; path = RandomReminder.swift; sourceTree = "<group>"; };
		81B526142D20A522008D36F0 /* FancyLogger.swift */ = {isa = PBXFileReference; lastKnownFileType = sourcecode.swift; path = FancyLogger.swift; sourceTree = "<group>"; };
		81B526192D213905008D36F0 /* Settings+Extensions.swift */ = {isa = PBXFileReference; lastKnownFileType = sourcecode.swift; path = "Settings+Extensions.swift"; sourceTree = "<group>"; };
		81BB7B172D954399004C69D6 /* SchedulingPreferences.swift */ = {isa = PBXFileReference; lastKnownFileType = sourcecode.swift; path = SchedulingPreferences.swift; sourceTree = "<group>"; };
		81C043612D8AEEC60074E60B /* NotificationManager.swift */ = {isa = PBXFileReference; lastKnownFileType = sourcecode.swift; path = NotificationManager.swift; sourceTree = "<group>"; };
		81C373172D8F288900A98A59 /* .swiftlint.yml */ = {isa = PBXFileReference; lastKnownFileType = text.yaml; path = .swiftlint.yml; sourceTree = "<group>"; };
		81DB8EB62DA4FCC600E50650 /* Locked.swift */ = {isa = PBXFileReference; lastKnownFileType = sourcecode.swift; path = Locked.swift; sourceTree = "<group>"; };
		81E8D1FF2DB9815C00F1BF97 /* MutableReminder.swift */ = {isa = PBXFileReference; lastKnownFileType = sourcecode.swift; path = MutableReminder.swift; sourceTree = "<group>"; };
		81E8D2002DB9815C00F1BF97 /* ReminderSerializer.swift */ = {isa = PBXFileReference; lastKnownFileType = sourcecode.swift; path = ReminderSerializer.swift; sourceTree = "<group>"; };
		81E8D2012DB9815C00F1BF97 /* TimeInfoProvider.swift */ = {isa = PBXFileReference; lastKnownFileType = sourcecode.swift; path = TimeInfoProvider.swift; sourceTree = "<group>"; };
/* End PBXFileReference section */

/* Begin PBXFrameworksBuildPhase section */
		8163F5CC2D1241D40052A016 /* Frameworks */ = {
			isa = PBXFrameworksBuildPhase;
			buildActionMask = 2147483647;
			files = (
				813F31232D3BB34B00EF6DD1 /* Collections in Frameworks */,
				8163F60A2D139C230052A016 /* LaunchAtLogin in Frameworks */,
				81B5261D2D213B23008D36F0 /* Settings in Frameworks */,
			);
			runOnlyForDeploymentPostprocessing = 0;
		};
/* End PBXFrameworksBuildPhase section */

/* Begin PBXGroup section */
		8118A1272D6A6E5300A9FF08 /* Preferences */ = {
			isa = PBXGroup;
			children = (
				8118A12A2D6A6E7F00A9FF08 /* AppPreferences.swift */,
				8118A13A2D6A72AC00A9FF08 /* ReminderPreferences.swift */,
				81BB7B172D954399004C69D6 /* SchedulingPreferences.swift */,
				81412F932DD7C12300BD2EA3 /* ModificationViewPreferences.swift */,
			);
			path = Preferences;
			sourceTree = "<group>";
		};
		8118A12F2D6A6E7F00A9FF08 /* Preferences */ = {
			isa = PBXGroup;
			children = (
				8118A12B2D6A6E7F00A9FF08 /* GeneralPreferencesView.swift */,
				8118A12E2D6A6E7F00A9FF08 /* SchedulingPreferencesView.swift */,
				8118A12C2D6A6E7F00A9FF08 /* PreferenceCaption.swift */,
				8118A12D2D6A6E7F00A9FF08 /* RemindersPreferencesView.swift */,
				8118A1292D6A6E7F00A9FF08 /* AboutPreferencesView.swift */,
			);
			path = Preferences;
			sourceTree = "<group>";
		};
		8118A1372D6A6F8200A9FF08 /* Reminder */ = {
			isa = PBXGroup;
			children = (
				8118A10E2D5E90FD00A9FF08 /* ReminderModificationView.swift */,
				8118A13E2D6A790E00A9FF08 /* ReminderAudioOptionsView.swift */,
				8118A1382D6A712F00A9FF08 /* ReminderScheduleOptionsView.swift */,
				8118A13C2D6A786900A9FF08 /* ReminderDayOptionsView.swift */,
				812F8F632DFF2D2A008232A6 /* ReminderDescriptionView.swift */,
			);
			path = Reminder;
			sourceTree = "<group>";
		};
		813F30E42D25FA3F00EF6DD1 /* Resources */ = {
			isa = PBXGroup;
			children = (
				813F30E92D2601F400EF6DD1 /* Localization */,
			);
			path = Resources;
			sourceTree = "<group>";
		};
		813F30E92D2601F400EF6DD1 /* Localization */ = {
			isa = PBXGroup;
			children = (
				813F30F52D27D7DA00EF6DD1 /* Base.lproj */,
			);
			path = Localization;
			sourceTree = "<group>";
		};
		813F30F52D27D7DA00EF6DD1 /* Base.lproj */ = {
			isa = PBXGroup;
			children = (
				813F30F42D27D7DA00EF6DD1 /* Localizable.strings */,
			);
			path = Base.lproj;
			sourceTree = "<group>";
		};
		813F30F82D27D86500EF6DD1 /* Generated */ = {
			isa = PBXGroup;
			children = (
				813F30F72D27D86500EF6DD1 /* Strings.swift */,
			);
			path = Generated;
			sourceTree = "<group>";
		};
		813F31032D2B31FB00EF6DD1 /* Managers */ = {
			isa = PBXGroup;
			children = (
				813F31042D2B320700EF6DD1 /* ReminderManager.swift */,
				81C043612D8AEEC60074E60B /* NotificationManager.swift */,
			);
			path = Managers;
			sourceTree = "<group>";
		};
		813F31182D3297AF00EF6DD1 /* Services */ = {
			isa = PBXGroup;
			children = (
				81B525FB2D19277B008D36F0 /* ReminderActivatorService.swift */,
				819BDD462D8C059C005059AD /* ActiveReminderService.swift */,
			);
			path = Services;
			sourceTree = "<group>";
		};
		813F312A2D3D25A300EF6DD1 /* Reminder */ = {
			isa = PBXGroup;
			children = (
				813F310E2D2EA0E800EF6DD1 /* AnyReminderInterval.swift */,
				81B5260F2D20068F008D36F0 /* RandomReminder.swift */,
				813F31082D2E91E000EF6DD1 /* ReminderInterval.swift */,
				813F30FC2D2929FF00EF6DD1 /* ReminderTickInterval.swift */,
				813F310C2D2E9E0600EF6DD1 /* ReminderState.swift */,
				8118A1252D68C62100A9FF08 /* ReminderActivationEvents.swift */,
				813F31122D2EA7AF00EF6DD1 /* ReminderContent.swift */,
				813F31142D2EA99C00EF6DD1 /* ReminderCounts.swift */,
				813F31242D3BB42800EF6DD1 /* ReminderID.swift */,
				8118A11C2D6667AC00A9FF08 /* ReminderDayOptions.swift */,
			);
			path = Reminder;
			sourceTree = "<group>";
		};
		8163F5C62D1241D40052A016 = {
			isa = PBXGroup;
			children = (
				8163F5D12D1241D40052A016 /* RandomReminder */,
				8118A1192D63E42A00A9FF08 /* README.md */,
				8118A1182D63E42A00A9FF08 /* LICENSE */,
				81C373172D8F288900A98A59 /* .swiftlint.yml */,
				812D23E62DAD9B4400675783 /* .swiftformat */,
				818DEF402DAE6D18005F5AEA /* .swift-version */,
				813F30E52D25FE0B00EF6DD1 /* swiftgen.yml */,
				8163F5D02D1241D40052A016 /* Products */,
			);
			sourceTree = "<group>";
		};
		8163F5D02D1241D40052A016 /* Products */ = {
			isa = PBXGroup;
			children = (
				8163F5CF2D1241D40052A016 /* RandomReminder.app */,
			);
			name = Products;
			sourceTree = "<group>";
		};
		8163F5D12D1241D40052A016 /* RandomReminder */ = {
			isa = PBXGroup;
			children = (
				813F31032D2B31FB00EF6DD1 /* Managers */,
				81B526112D2008C5008D36F0 /* Utilities */,
				81E8D2022DB9815C00F1BF97 /* Helpers */,
				813F31182D3297AF00EF6DD1 /* Services */,
				8118A1272D6A6E5300A9FF08 /* Preferences */,
				81B525FA2D19275D008D36F0 /* Models */,
				8163F6162D13A9530052A016 /* Views */,
				8163F6122D13A90E0052A016 /* Controllers */,
				81B526022D1A23AB008D36F0 /* Extensions */,
				813F30F82D27D86500EF6DD1 /* Generated */,
				8163F5D22D1241D40052A016 /* RandomReminderApp.swift */,
				8163F60D2D13A7540052A016 /* AppDelegate.swift */,
				81B525F62D18E164008D36F0 /* Constants.swift */,
				8163F5D62D1241D50052A016 /* Assets.xcassets */,
				8163F5DB2D1241D50052A016 /* RandomReminder.entitlements */,
				8163F5D82D1241D50052A016 /* Preview Content */,
				813F30E42D25FA3F00EF6DD1 /* Resources */,
				8118A1122D5FB2FE00A9FF08 /* ContentView.swift */,
			);
			path = RandomReminder;
			sourceTree = "<group>";
		};
		8163F5D82D1241D50052A016 /* Preview Content */ = {
			isa = PBXGroup;
			children = (
				8163F5D92D1241D50052A016 /* Preview Assets.xcassets */,
			);
			path = "Preview Content";
			sourceTree = "<group>";
		};
		8163F6122D13A90E0052A016 /* Controllers */ = {
			isa = PBXGroup;
			children = (
				8163F6112D13A90E0052A016 /* StatusBarController.swift */,
				813F30EC2D261FD300EF6DD1 /* PreferencesViewController.swift */,
				810B20C52DA25EE9005041A4 /* ReminderModificationController.swift */,
			);
			path = Controllers;
			sourceTree = "<group>";
		};
		8163F6162D13A9530052A016 /* Views */ = {
			isa = PBXGroup;
			children = (
				8118A1372D6A6F8200A9FF08 /* Reminder */,
				8118A12F2D6A6E7F00A9FF08 /* Preferences */,
				81265B252DCDD510005C95F2 /* NumericTextField.swift */,
				81B526052D1A4EF7008D36F0 /* DualDatePickerView.swift */,
				8118A1102D5FA1B000A9FF08 /* StepperTextField.swift */,
			);
			name = Views;
			path = RandomReminder/Views;
			sourceTree = SOURCE_ROOT;
		};
		81B525FA2D19275D008D36F0 /* Models */ = {
			isa = PBXGroup;
			children = (
				813F312A2D3D25A300EF6DD1 /* Reminder */,
				81B525FD2D1928BB008D36F0 /* TimeOnly.swift */,
				813F310A2D2E9B7F00EF6DD1 /* RepeatInterval.swift */,
			);
			path = Models;
			sourceTree = "<group>";
		};
		81B526022D1A23AB008D36F0 /* Extensions */ = {
			isa = PBXGroup;
			children = (
				81B526032D1A23F6008D36F0 /* Date+Extensions.swift */,
				81B526192D213905008D36F0 /* Settings+Extensions.swift */,
				813F31162D328C4400EF6DD1 /* JSONEncoder+Extensions.swift */,
				813F311F2D3B1D2900EF6DD1 /* JSONDecoder+Extensions.swift */,
				813F311D2D3B0B1D00EF6DD1 /* FileManager+Extensions.swift */,
				8118A1232D66734E00A9FF08 /* Array+Extensions.swift */,
				8118A1402D6CE2C500A9FF08 /* Sequence+Extensions.swift */,
				8118A1422D6CE66200A9FF08 /* OptionSet+Extensions.swift */,
				8118A1442D6DD51A00A9FF08 /* Collection+Extensions.swift */,
				81A529F32DB76EC900E71409 /* Preview+Extensions.swift */,
				814C2BB12DBF6658001929CB /* Notification+Extensions.swift */,
			);
			path = Extensions;
			sourceTree = "<group>";
		};
		81B526112D2008C5008D36F0 /* Utilities */ = {
			isa = PBXGroup;
			children = (
				81B526142D20A522008D36F0 /* FancyLogger.swift */,
				813F30DC2D22B93E00EF6DD1 /* ColourString.swift */,
				81DB8EB62DA4FCC600E50650 /* Locked.swift */,
			);
			path = Utilities;
			sourceTree = "<group>";
		};
		81E8D2022DB9815C00F1BF97 /* Helpers */ = {
			isa = PBXGroup;
			children = (
				81E8D1FF2DB9815C00F1BF97 /* MutableReminder.swift */,
				81E8D2002DB9815C00F1BF97 /* ReminderSerializer.swift */,
				81E8D2012DB9815C00F1BF97 /* TimeInfoProvider.swift */,
				81412F912DD7A20200BD2EA3 /* ReminderValidator.swift */,
				818895A52DDF0BE9005B55C0 /* AutoRawRepresentable.swift */,
				818895A72DDF129E005B55C0 /* EnumRawRepresentable.swift */,
			);
			path = Helpers;
			sourceTree = "<group>";
		};
/* End PBXGroup section */

/* Begin PBXNativeTarget section */
		8163F5CE2D1241D40052A016 /* RandomReminder */ = {
			isa = PBXNativeTarget;
			buildConfigurationList = 8163F5F42D1241D50052A016 /* Build configuration list for PBXNativeTarget "RandomReminder" */;
			buildPhases = (
				8163F5CB2D1241D40052A016 /* Sources */,
				812D23E52DAD6A3300675783 /* SwiftFormat */,
				81F921D12D92BF700064ED2E /* SwiftLint */,
				8163F5CC2D1241D40052A016 /* Frameworks */,
				8163F5CD2D1241D40052A016 /* Resources */,
				813F31022D2A830000EF6DD1 /* SwiftGen */,
			);
			buildRules = (
			);
			dependencies = (
				81F921D02D92BF530064ED2E /* PBXTargetDependency */,
			);
			name = RandomReminder;
			packageProductDependencies = (
				8163F6092D139C230052A016 /* LaunchAtLogin */,
				81B5261C2D213B23008D36F0 /* Settings */,
				813F31222D3BB34B00EF6DD1 /* Collections */,
			);
			productName = RandomReminder;
			productReference = 8163F5CF2D1241D40052A016 /* RandomReminder.app */;
			productType = "com.apple.product-type.application";
		};
/* End PBXNativeTarget section */

/* Begin PBXProject section */
		8163F5C72D1241D40052A016 /* Project object */ = {
			isa = PBXProject;
			attributes = {
				BuildIndependentTargetsInParallel = 1;
				LastSwiftUpdateCheck = 1540;
				LastUpgradeCheck = 1540;
				TargetAttributes = {
					8163F5CE2D1241D40052A016 = {
						CreatedOnToolsVersion = 15.4;
					};
				};
			};
			buildConfigurationList = 8163F5CA2D1241D40052A016 /* Build configuration list for PBXProject "RandomReminder" */;
			compatibilityVersion = "Xcode 14.0";
			developmentRegion = en;
			hasScannedForEncodings = 0;
			knownRegions = (
				en,
				Base,
				it,
			);
			mainGroup = 8163F5C62D1241D40052A016;
			packageReferences = (
				8163F6082D139AD60052A016 /* XCRemoteSwiftPackageReference "LaunchAtLogin-Modern" */,
				81B5261B2D213B23008D36F0 /* XCRemoteSwiftPackageReference "Settings" */,
				813F31212D3BB34B00EF6DD1 /* XCRemoteSwiftPackageReference "swift-collections" */,
				81F921CE2D92BF310064ED2E /* XCRemoteSwiftPackageReference "SwiftLintPlugins" */,
			);
			productRefGroup = 8163F5D02D1241D40052A016 /* Products */;
			projectDirPath = "";
			projectRoot = "";
			targets = (
				8163F5CE2D1241D40052A016 /* RandomReminder */,
			);
		};
/* End PBXProject section */

/* Begin PBXResourcesBuildPhase section */
		8163F5CD2D1241D40052A016 /* Resources */ = {
			isa = PBXResourcesBuildPhase;
			buildActionMask = 2147483647;
			files = (
				812D23E72DAD9B4400675783 /* .swiftformat in Resources */,
				8118A11B2D63E42A00A9FF08 /* README.md in Resources */,
				8163F5DA2D1241D50052A016 /* Preview Assets.xcassets in Resources */,
				813F30F62D27D7DA00EF6DD1 /* Localizable.strings in Resources */,
				818DEF412DAE6D18005F5AEA /* .swift-version in Resources */,
				81C373182D8F288900A98A59 /* .swiftlint.yml in Resources */,
				8163F5D72D1241D50052A016 /* Assets.xcassets in Resources */,
				813F30E62D25FE0B00EF6DD1 /* swiftgen.yml in Resources */,
				8118A11A2D63E42A00A9FF08 /* LICENSE in Resources */,
			);
			runOnlyForDeploymentPostprocessing = 0;
		};
/* End PBXResourcesBuildPhase section */

/* Begin PBXShellScriptBuildPhase section */
		812D23E52DAD6A3300675783 /* SwiftFormat */ = {
			isa = PBXShellScriptBuildPhase;
			alwaysOutOfDate = 1;
			buildActionMask = 2147483647;
			files = (
			);
			inputFileListPaths = (
			);
			inputPaths = (
			);
			name = SwiftFormat;
			outputFileListPaths = (
			);
			outputPaths = (
			);
			runOnlyForDeploymentPostprocessing = 0;
			shellPath = /bin/sh;
			shellScript = "if [[ \"${BUILD_DIR}\" =~ \"Previews\" ]]; then\n    exit\nfi\n\nif [[ \"$(uname -m)\" == arm64 ]]; then\n    export PATH=\"/opt/homebrew/bin:$PATH\"\nfi\n\nif which swiftformat > /dev/null; then\n    swiftformat .\nelse\n    echo \"warning: SwiftFormat not installed, download from https://github.com/nicklockwood/SwiftFormat\"\nfi\n";
			showEnvVarsInLog = 0;
		};
		813F31022D2A830000EF6DD1 /* SwiftGen */ = {
			isa = PBXShellScriptBuildPhase;
			alwaysOutOfDate = 1;
			buildActionMask = 2147483647;
			files = (
			);
			inputFileListPaths = (
			);
			inputPaths = (
			);
			name = SwiftGen;
			outputFileListPaths = (
			);
			outputPaths = (
			);
			runOnlyForDeploymentPostprocessing = 0;
			shellPath = /bin/sh;
			shellScript = "if which swiftgen > /dev/null; then\n  swiftgen\nfi\n";
		};
		81F921D12D92BF700064ED2E /* SwiftLint */ = {
			isa = PBXShellScriptBuildPhase;
			alwaysOutOfDate = 1;
			buildActionMask = 2147483647;
			files = (
			);
			inputFileListPaths = (
			);
			inputPaths = (
			);
			name = SwiftLint;
			outputFileListPaths = (
			);
			outputPaths = (
			);
			runOnlyForDeploymentPostprocessing = 0;
			shellPath = /bin/sh;
			shellScript = "if [[ \"$(uname -m)\" == arm64 ]]\nthen\n    export PATH=\"/opt/homebrew/bin:$PATH\"\nfi\n\nif command -v swiftlint >/dev/null 2>&1\nthen\n    swiftlint\nelse\n    echo \"warning: `swiftlint` command not found - See https://github.com/realm/SwiftLint#installation for installation instructions.\"\nfi\n";
		};
/* End PBXShellScriptBuildPhase section */

/* Begin PBXSourcesBuildPhase section */
		8163F5CB2D1241D40052A016 /* Sources */ = {
			isa = PBXSourcesBuildPhase;
			buildActionMask = 2147483647;
			files = (
				813F311E2D3B0B1D00EF6DD1 /* FileManager+Extensions.swift in Sources */,
				813F310B2D2E9B7F00EF6DD1 /* RepeatInterval.swift in Sources */,
				813F31132D2EA7AF00EF6DD1 /* ReminderContent.swift in Sources */,
				81B526152D20A522008D36F0 /* FancyLogger.swift in Sources */,
				81B526102D20068F008D36F0 /* RandomReminder.swift in Sources */,
				81B526042D1A23F6008D36F0 /* Date+Extensions.swift in Sources */,
				813F31172D328C4400EF6DD1 /* JSONEncoder+Extensions.swift in Sources */,
				81E8D2032DB9815C00F1BF97 /* MutableReminder.swift in Sources */,
				81E8D2042DB9815C00F1BF97 /* TimeInfoProvider.swift in Sources */,
				81E8D2052DB9815C00F1BF97 /* ReminderSerializer.swift in Sources */,
				813F310F2D2EA0E800EF6DD1 /* AnyReminderInterval.swift in Sources */,
				81DB8EB72DA4FCC600E50650 /* Locked.swift in Sources */,
				8163F6132D13A90E0052A016 /* StatusBarController.swift in Sources */,
				81265B262DCDD510005C95F2 /* NumericTextField.swift in Sources */,
				8118A13F2D6A790E00A9FF08 /* ReminderAudioOptionsView.swift in Sources */,
				81412F922DD7A20200BD2EA3 /* ReminderValidator.swift in Sources */,
				8118A13B2D6A72AC00A9FF08 /* ReminderPreferences.swift in Sources */,
				8118A1352D6A6E7F00A9FF08 /* SchedulingPreferencesView.swift in Sources */,
				8118A1312D6A6E7F00A9FF08 /* AppPreferences.swift in Sources */,
				8118A11D2D6667AC00A9FF08 /* ReminderDayOptions.swift in Sources */,
				813F30DD2D22B93E00EF6DD1 /* ColourString.swift in Sources */,
				8118A1302D6A6E7F00A9FF08 /* AboutPreferencesView.swift in Sources */,
				819BDD472D8C059C005059AD /* ActiveReminderService.swift in Sources */,
				8118A1262D68C62100A9FF08 /* ReminderActivationEvents.swift in Sources */,
				8118A1112D5FA1B000A9FF08 /* StepperTextField.swift in Sources */,
				81412F942DD7C12300BD2EA3 /* ModificationViewPreferences.swift in Sources */,
				812F8F642DFF2D2A008232A6 /* ReminderDescriptionView.swift in Sources */,
				814C2BB22DBF6658001929CB /* Notification+Extensions.swift in Sources */,
				8118A1432D6CE66200A9FF08 /* OptionSet+Extensions.swift in Sources */,
				81B5261A2D213905008D36F0 /* Settings+Extensions.swift in Sources */,
				8118A1322D6A6E7F00A9FF08 /* GeneralPreferencesView.swift in Sources */,
				8163F60E2D13A7540052A016 /* AppDelegate.swift in Sources */,
				813F31252D3BB42800EF6DD1 /* ReminderID.swift in Sources */,
				8163F5D32D1241D40052A016 /* RandomReminderApp.swift in Sources */,
				813F31202D3B1D2900EF6DD1 /* JSONDecoder+Extensions.swift in Sources */,
				818895A62DDF0BE9005B55C0 /* AutoRawRepresentable.swift in Sources */,
				813F30F92D27D86500EF6DD1 /* Strings.swift in Sources */,
				813F30FD2D292A0000EF6DD1 /* ReminderTickInterval.swift in Sources */,
				81B526062D1A4EF7008D36F0 /* DualDatePickerView.swift in Sources */,
				8118A1452D6DD51A00A9FF08 /* Collection+Extensions.swift in Sources */,
				8118A1412D6CE2C500A9FF08 /* Sequence+Extensions.swift in Sources */,
				81BB7B182D954399004C69D6 /* SchedulingPreferences.swift in Sources */,
				8118A1132D5FB2FE00A9FF08 /* ContentView.swift in Sources */,
				813F31052D2B320700EF6DD1 /* ReminderManager.swift in Sources */,
				81C043622D8AEEC60074E60B /* NotificationManager.swift in Sources */,
				8118A1332D6A6E7F00A9FF08 /* PreferenceCaption.swift in Sources */,
				8118A13D2D6A786900A9FF08 /* ReminderDayOptionsView.swift in Sources */,
				81A529F42DB76EC900E71409 /* Preview+Extensions.swift in Sources */,
				8118A1342D6A6E7F00A9FF08 /* RemindersPreferencesView.swift in Sources */,
				8118A10F2D5E90FD00A9FF08 /* ReminderModificationView.swift in Sources */,
				813F310D2D2E9E0600EF6DD1 /* ReminderState.swift in Sources */,
				813F31152D2EA99C00EF6DD1 /* ReminderCounts.swift in Sources */,
				81B525F72D18E164008D36F0 /* Constants.swift in Sources */,
				818895A82DDF129E005B55C0 /* EnumRawRepresentable.swift in Sources */,
				81B525FC2D19277B008D36F0 /* ReminderActivatorService.swift in Sources */,
				81B525FE2D1928BB008D36F0 /* TimeOnly.swift in Sources */,
				813F31092D2E91E000EF6DD1 /* ReminderInterval.swift in Sources */,
				8118A1392D6A712F00A9FF08 /* ReminderScheduleOptionsView.swift in Sources */,
				810B20C62DA25EE9005041A4 /* ReminderModificationController.swift in Sources */,
				8118A1242D66734E00A9FF08 /* Array+Extensions.swift in Sources */,
				813F30EE2D261FD300EF6DD1 /* PreferencesViewController.swift in Sources */,
			);
			runOnlyForDeploymentPostprocessing = 0;
		};
/* End PBXSourcesBuildPhase section */

/* Begin PBXTargetDependency section */
		81F921D02D92BF530064ED2E /* PBXTargetDependency */ = {
			isa = PBXTargetDependency;
			productRef = 81F921CF2D92BF530064ED2E /* SwiftLintBuildToolPlugin */;
		};
/* End PBXTargetDependency section */

/* Begin PBXVariantGroup section */
		813F30F42D27D7DA00EF6DD1 /* Localizable.strings */ = {
			isa = PBXVariantGroup;
			children = (
				813F30F32D27D7DA00EF6DD1 /* Base */,
			);
			name = Localizable.strings;
			sourceTree = "<group>";
		};
/* End PBXVariantGroup section */

/* Begin XCBuildConfiguration section */
		8163F5F22D1241D50052A016 /* Debug */ = {
			isa = XCBuildConfiguration;
			buildSettings = {
				ALWAYS_SEARCH_USER_PATHS = NO;
				ASSETCATALOG_COMPILER_GENERATE_SWIFT_ASSET_SYMBOL_EXTENSIONS = YES;
				CLANG_ANALYZER_LOCALIZABILITY_NONLOCALIZED = YES;
				CLANG_ANALYZER_NONNULL = YES;
				CLANG_ANALYZER_NUMBER_OBJECT_CONVERSION = YES_AGGRESSIVE;
				CLANG_CXX_LANGUAGE_STANDARD = "gnu++20";
				CLANG_ENABLE_MODULES = YES;
				CLANG_ENABLE_OBJC_ARC = YES;
				CLANG_ENABLE_OBJC_WEAK = YES;
				CLANG_WARN_BLOCK_CAPTURE_AUTORELEASING = YES;
				CLANG_WARN_BOOL_CONVERSION = YES;
				CLANG_WARN_COMMA = YES;
				CLANG_WARN_CONSTANT_CONVERSION = YES;
				CLANG_WARN_DEPRECATED_OBJC_IMPLEMENTATIONS = YES;
				CLANG_WARN_DIRECT_OBJC_ISA_USAGE = YES_ERROR;
				CLANG_WARN_DOCUMENTATION_COMMENTS = YES;
				CLANG_WARN_EMPTY_BODY = YES;
				CLANG_WARN_ENUM_CONVERSION = YES;
				CLANG_WARN_INFINITE_RECURSION = YES;
				CLANG_WARN_INT_CONVERSION = YES;
				CLANG_WARN_NON_LITERAL_NULL_CONVERSION = YES;
				CLANG_WARN_OBJC_IMPLICIT_RETAIN_SELF = YES;
				CLANG_WARN_OBJC_LITERAL_CONVERSION = YES;
				CLANG_WARN_OBJC_ROOT_CLASS = YES_ERROR;
				CLANG_WARN_QUOTED_INCLUDE_IN_FRAMEWORK_HEADER = YES;
				CLANG_WARN_RANGE_LOOP_ANALYSIS = YES;
				CLANG_WARN_STRICT_PROTOTYPES = YES;
				CLANG_WARN_SUSPICIOUS_MOVE = YES;
				CLANG_WARN_UNGUARDED_AVAILABILITY = YES_AGGRESSIVE;
				CLANG_WARN_UNREACHABLE_CODE = YES;
				CLANG_WARN__DUPLICATE_METHOD_MATCH = YES;
				COPY_PHASE_STRIP = NO;
				DEAD_CODE_STRIPPING = YES;
				DEBUG_INFORMATION_FORMAT = dwarf;
				ENABLE_STRICT_OBJC_MSGSEND = YES;
				ENABLE_TESTABILITY = YES;
				ENABLE_USER_SCRIPT_SANDBOXING = YES;
				GCC_C_LANGUAGE_STANDARD = gnu17;
				GCC_DYNAMIC_NO_PIC = NO;
				GCC_NO_COMMON_BLOCKS = YES;
				GCC_OPTIMIZATION_LEVEL = 0;
				GCC_PREPROCESSOR_DEFINITIONS = (
					"DEBUG=1",
					"$(inherited)",
				);
				GCC_WARN_64_TO_32_BIT_CONVERSION = YES;
				GCC_WARN_ABOUT_RETURN_TYPE = YES_ERROR;
				GCC_WARN_UNDECLARED_SELECTOR = YES;
				GCC_WARN_UNINITIALIZED_AUTOS = YES_AGGRESSIVE;
				GCC_WARN_UNUSED_FUNCTION = YES;
				GCC_WARN_UNUSED_VARIABLE = YES;
				LOCALIZATION_PREFERS_STRING_CATALOGS = YES;
				MACOSX_DEPLOYMENT_TARGET = 15.0;
				MTL_ENABLE_DEBUG_INFO = INCLUDE_SOURCE;
				MTL_FAST_MATH = YES;
				ONLY_ACTIVE_ARCH = YES;
				SDKROOT = macosx;
				SWIFT_ACTIVE_COMPILATION_CONDITIONS = "DEBUG $(inherited)";
				SWIFT_OPTIMIZATION_LEVEL = "-Onone";
			};
			name = Debug;
		};
		8163F5F32D1241D50052A016 /* Release */ = {
			isa = XCBuildConfiguration;
			buildSettings = {
				ALWAYS_SEARCH_USER_PATHS = NO;
				ASSETCATALOG_COMPILER_GENERATE_SWIFT_ASSET_SYMBOL_EXTENSIONS = YES;
				CLANG_ANALYZER_LOCALIZABILITY_NONLOCALIZED = YES;
				CLANG_ANALYZER_NONNULL = YES;
				CLANG_ANALYZER_NUMBER_OBJECT_CONVERSION = YES_AGGRESSIVE;
				CLANG_CXX_LANGUAGE_STANDARD = "gnu++20";
				CLANG_ENABLE_MODULES = YES;
				CLANG_ENABLE_OBJC_ARC = YES;
				CLANG_ENABLE_OBJC_WEAK = YES;
				CLANG_WARN_BLOCK_CAPTURE_AUTORELEASING = YES;
				CLANG_WARN_BOOL_CONVERSION = YES;
				CLANG_WARN_COMMA = YES;
				CLANG_WARN_CONSTANT_CONVERSION = YES;
				CLANG_WARN_DEPRECATED_OBJC_IMPLEMENTATIONS = YES;
				CLANG_WARN_DIRECT_OBJC_ISA_USAGE = YES_ERROR;
				CLANG_WARN_DOCUMENTATION_COMMENTS = YES;
				CLANG_WARN_EMPTY_BODY = YES;
				CLANG_WARN_ENUM_CONVERSION = YES;
				CLANG_WARN_INFINITE_RECURSION = YES;
				CLANG_WARN_INT_CONVERSION = YES;
				CLANG_WARN_NON_LITERAL_NULL_CONVERSION = YES;
				CLANG_WARN_OBJC_IMPLICIT_RETAIN_SELF = YES;
				CLANG_WARN_OBJC_LITERAL_CONVERSION = YES;
				CLANG_WARN_OBJC_ROOT_CLASS = YES_ERROR;
				CLANG_WARN_QUOTED_INCLUDE_IN_FRAMEWORK_HEADER = YES;
				CLANG_WARN_RANGE_LOOP_ANALYSIS = YES;
				CLANG_WARN_STRICT_PROTOTYPES = YES;
				CLANG_WARN_SUSPICIOUS_MOVE = YES;
				CLANG_WARN_UNGUARDED_AVAILABILITY = YES_AGGRESSIVE;
				CLANG_WARN_UNREACHABLE_CODE = YES;
				CLANG_WARN__DUPLICATE_METHOD_MATCH = YES;
				COPY_PHASE_STRIP = NO;
				DEAD_CODE_STRIPPING = YES;
				DEBUG_INFORMATION_FORMAT = "dwarf-with-dsym";
				ENABLE_NS_ASSERTIONS = NO;
				ENABLE_STRICT_OBJC_MSGSEND = YES;
				ENABLE_USER_SCRIPT_SANDBOXING = YES;
				GCC_C_LANGUAGE_STANDARD = gnu17;
				GCC_NO_COMMON_BLOCKS = YES;
				GCC_WARN_64_TO_32_BIT_CONVERSION = YES;
				GCC_WARN_ABOUT_RETURN_TYPE = YES_ERROR;
				GCC_WARN_UNDECLARED_SELECTOR = YES;
				GCC_WARN_UNINITIALIZED_AUTOS = YES_AGGRESSIVE;
				GCC_WARN_UNUSED_FUNCTION = YES;
				GCC_WARN_UNUSED_VARIABLE = YES;
				LOCALIZATION_PREFERS_STRING_CATALOGS = YES;
				MACOSX_DEPLOYMENT_TARGET = 15.0;
				MTL_ENABLE_DEBUG_INFO = NO;
				MTL_FAST_MATH = YES;
				SDKROOT = macosx;
				SWIFT_COMPILATION_MODE = wholemodule;
			};
			name = Release;
		};
		8163F5F52D1241D50052A016 /* Debug */ = {
			isa = XCBuildConfiguration;
			buildSettings = {
				ASSETCATALOG_COMPILER_APPICON_NAME = AppIcon;
				ASSETCATALOG_COMPILER_GLOBAL_ACCENT_COLOR_NAME = AccentColor;
				CODE_SIGN_ENTITLEMENTS = RandomReminder/RandomReminder.entitlements;
				CODE_SIGN_STYLE = Automatic;
				COMBINE_HIDPI_IMAGES = YES;
				CURRENT_PROJECT_VERSION = 0.1;
				DEAD_CODE_STRIPPING = YES;
				DEVELOPMENT_ASSET_PATHS = "\"RandomReminder/Preview Content\"";
				DEVELOPMENT_TEAM = 79965ZZ2B4;
				ENABLE_HARDENED_RUNTIME = YES;
				ENABLE_PREVIEWS = YES;
				ENABLE_USER_SCRIPT_SANDBOXING = NO;
				GENERATE_INFOPLIST_FILE = YES;
				INFOPLIST_KEY_NSHumanReadableCopyright = "";
				LD_RUNPATH_SEARCH_PATHS = (
					"$(inherited)",
					"@executable_path/../Frameworks",
				);
				MARKETING_VERSION = 0.1;
				PRODUCT_BUNDLE_IDENTIFIER = io.nicclassy.RandomReminder;
				PRODUCT_NAME = "$(TARGET_NAME)";
				SWIFT_EMIT_LOC_STRINGS = YES;
				SWIFT_VERSION = 5.0;
			};
			name = Debug;
		};
		8163F5F62D1241D50052A016 /* Release */ = {
			isa = XCBuildConfiguration;
			buildSettings = {
				ASSETCATALOG_COMPILER_APPICON_NAME = AppIcon;
				ASSETCATALOG_COMPILER_GLOBAL_ACCENT_COLOR_NAME = AccentColor;
				CODE_SIGN_ENTITLEMENTS = RandomReminder/RandomReminder.entitlements;
				CODE_SIGN_STYLE = Automatic;
				COMBINE_HIDPI_IMAGES = YES;
				CURRENT_PROJECT_VERSION = 0.1;
				DEAD_CODE_STRIPPING = YES;
				DEVELOPMENT_ASSET_PATHS = "\"RandomReminder/Preview Content\"";
				DEVELOPMENT_TEAM = 79965ZZ2B4;
				ENABLE_HARDENED_RUNTIME = YES;
				ENABLE_PREVIEWS = YES;
				ENABLE_USER_SCRIPT_SANDBOXING = NO;
				GENERATE_INFOPLIST_FILE = YES;
				INFOPLIST_KEY_NSHumanReadableCopyright = "";
				LD_RUNPATH_SEARCH_PATHS = (
					"$(inherited)",
					"@executable_path/../Frameworks",
				);
				MARKETING_VERSION = 0.1;
				PRODUCT_BUNDLE_IDENTIFIER = io.nicclassy.RandomReminder;
				PRODUCT_NAME = "$(TARGET_NAME)";
				SWIFT_EMIT_LOC_STRINGS = YES;
				SWIFT_VERSION = 5.0;
			};
			name = Release;
		};
/* End XCBuildConfiguration section */

/* Begin XCConfigurationList section */
		8163F5CA2D1241D40052A016 /* Build configuration list for PBXProject "RandomReminder" */ = {
			isa = XCConfigurationList;
			buildConfigurations = (
				8163F5F22D1241D50052A016 /* Debug */,
				8163F5F32D1241D50052A016 /* Release */,
			);
			defaultConfigurationIsVisible = 0;
			defaultConfigurationName = Release;
		};
		8163F5F42D1241D50052A016 /* Build configuration list for PBXNativeTarget "RandomReminder" */ = {
			isa = XCConfigurationList;
			buildConfigurations = (
				8163F5F52D1241D50052A016 /* Debug */,
				8163F5F62D1241D50052A016 /* Release */,
			);
			defaultConfigurationIsVisible = 0;
			defaultConfigurationName = Release;
		};
/* End XCConfigurationList section */

/* Begin XCRemoteSwiftPackageReference section */
		813F31212D3BB34B00EF6DD1 /* XCRemoteSwiftPackageReference "swift-collections" */ = {
			isa = XCRemoteSwiftPackageReference;
			repositoryURL = "https://github.com/apple/swift-collections.git";
			requirement = {
				kind = upToNextMajorVersion;
				minimumVersion = 1.1.4;
			};
		};
		8163F6082D139AD60052A016 /* XCRemoteSwiftPackageReference "LaunchAtLogin-Modern" */ = {
			isa = XCRemoteSwiftPackageReference;
			repositoryURL = "https://github.com/sindresorhus/LaunchAtLogin-Modern";
			requirement = {
				branch = main;
				kind = branch;
			};
		};
		81B5261B2D213B23008D36F0 /* XCRemoteSwiftPackageReference "Settings" */ = {
			isa = XCRemoteSwiftPackageReference;
			repositoryURL = "https://github.com/sindresorhus/Settings";
			requirement = {
				kind = upToNextMajorVersion;
				minimumVersion = 3.1.1;
			};
		};
		81F921CE2D92BF310064ED2E /* XCRemoteSwiftPackageReference "SwiftLintPlugins" */ = {
			isa = XCRemoteSwiftPackageReference;
			repositoryURL = "https://github.com/SimplyDanny/SwiftLintPlugins";
			requirement = {
				kind = upToNextMajorVersion;
				minimumVersion = 0.58.2;
			};
		};
/* End XCRemoteSwiftPackageReference section */

/* Begin XCSwiftPackageProductDependency section */
		813F31222D3BB34B00EF6DD1 /* Collections */ = {
			isa = XCSwiftPackageProductDependency;
			package = 813F31212D3BB34B00EF6DD1 /* XCRemoteSwiftPackageReference "swift-collections" */;
			productName = Collections;
		};
		8163F6092D139C230052A016 /* LaunchAtLogin */ = {
			isa = XCSwiftPackageProductDependency;
			package = 8163F6082D139AD60052A016 /* XCRemoteSwiftPackageReference "LaunchAtLogin-Modern" */;
			productName = LaunchAtLogin;
		};
		81B5261C2D213B23008D36F0 /* Settings */ = {
			isa = XCSwiftPackageProductDependency;
			package = 81B5261B2D213B23008D36F0 /* XCRemoteSwiftPackageReference "Settings" */;
			productName = Settings;
		};
		81F921CF2D92BF530064ED2E /* SwiftLintBuildToolPlugin */ = {
			isa = XCSwiftPackageProductDependency;
			package = 81F921CE2D92BF310064ED2E /* XCRemoteSwiftPackageReference "SwiftLintPlugins" */;
			productName = "plugin:SwiftLintBuildToolPlugin";
		};
/* End XCSwiftPackageProductDependency section */
	};
	rootObject = 8163F5C72D1241D40052A016 /* Project object */;
}
