// !$*UTF8*$!
{
	archiveVersion = 1;
	classes = {
	};
	objectVersion = 56;
	objects = {

/* Begin PBXBuildFile section */
		8163F5D32D1241D40052A016 /* RandomReminderApp.swift in Sources */ = {isa = PBXBuildFile; fileRef = 8163F5D22D1241D40052A016 /* RandomReminderApp.swift */; };
		8163F5D72D1241D50052A016 /* Assets.xcassets in Resources */ = {isa = PBXBuildFile; fileRef = 8163F5D62D1241D50052A016 /* Assets.xcassets */; };
		8163F5DA2D1241D50052A016 /* Preview Assets.xcassets in Resources */ = {isa = PBXBuildFile; fileRef = 8163F5D92D1241D50052A016 /* Preview Assets.xcassets */; };
		8163F60A2D139C230052A016 /* LaunchAtLogin in Frameworks */ = {isa = PBXBuildFile; productRef = 8163F6092D139C230052A016 /* LaunchAtLogin */; };
		8163F60E2D13A7540052A016 /* AppDelegate.swift in Sources */ = {isa = PBXBuildFile; fileRef = 8163F60D2D13A7540052A016 /* AppDelegate.swift */; };
		8163F6132D13A90E0052A016 /* StatusBarController.swift in Sources */ = {isa = PBXBuildFile; fileRef = 8163F6112D13A90E0052A016 /* StatusBarController.swift */; };
		8163F6172D13A9530052A016 /* GeneralPreferencesView.swift in Sources */ = {isa = PBXBuildFile; fileRef = 8163F6142D13A9530052A016 /* GeneralPreferencesView.swift */; };
		8163F6182D13A9530052A016 /* PreferencesView.swift in Sources */ = {isa = PBXBuildFile; fileRef = 8163F6152D13A9530052A016 /* PreferencesView.swift */; };
		81B525F32D18D7E7008D36F0 /* AboutPreferencesView.swift in Sources */ = {isa = PBXBuildFile; fileRef = 81B525F22D18D7E7008D36F0 /* AboutPreferencesView.swift */; };
		81B525F52D18D885008D36F0 /* RemindersPreferencesView.swift in Sources */ = {isa = PBXBuildFile; fileRef = 81B525F42D18D885008D36F0 /* RemindersPreferencesView.swift */; };
		81B525F72D18E164008D36F0 /* Constants.swift in Sources */ = {isa = PBXBuildFile; fileRef = 81B525F62D18E164008D36F0 /* Constants.swift */; };
/* End PBXBuildFile section */

/* Begin PBXContainerItemProxy section */
		8163F5E12D1241D50052A016 /* PBXContainerItemProxy */ = {
			isa = PBXContainerItemProxy;
			containerPortal = 8163F5C72D1241D40052A016 /* Project object */;
			proxyType = 1;
			remoteGlobalIDString = 8163F5CE2D1241D40052A016;
			remoteInfo = RandomReminder;
		};
		8163F5EB2D1241D50052A016 /* PBXContainerItemProxy */ = {
			isa = PBXContainerItemProxy;
			containerPortal = 8163F5C72D1241D40052A016 /* Project object */;
			proxyType = 1;
			remoteGlobalIDString = 8163F5CE2D1241D40052A016;
			remoteInfo = RandomReminder;
		};
/* End PBXContainerItemProxy section */

/* Begin PBXFileReference section */
		8163F5CF2D1241D40052A016 /* RandomReminder.app */ = {isa = PBXFileReference; explicitFileType = wrapper.application; includeInIndex = 0; path = RandomReminder.app; sourceTree = BUILT_PRODUCTS_DIR; };
		8163F5D22D1241D40052A016 /* RandomReminderApp.swift */ = {isa = PBXFileReference; lastKnownFileType = sourcecode.swift; path = RandomReminderApp.swift; sourceTree = "<group>"; };
		8163F5D62D1241D50052A016 /* Assets.xcassets */ = {isa = PBXFileReference; lastKnownFileType = folder.assetcatalog; path = Assets.xcassets; sourceTree = "<group>"; };
		8163F5D92D1241D50052A016 /* Preview Assets.xcassets */ = {isa = PBXFileReference; lastKnownFileType = folder.assetcatalog; path = "Preview Assets.xcassets"; sourceTree = "<group>"; };
		8163F5DB2D1241D50052A016 /* RandomReminder.entitlements */ = {isa = PBXFileReference; lastKnownFileType = text.plist.entitlements; path = RandomReminder.entitlements; sourceTree = "<group>"; };
		8163F5E02D1241D50052A016 /* RandomReminderTests.xctest */ = {isa = PBXFileReference; explicitFileType = wrapper.cfbundle; includeInIndex = 0; path = RandomReminderTests.xctest; sourceTree = BUILT_PRODUCTS_DIR; };
		8163F5EA2D1241D50052A016 /* RandomReminderUITests.xctest */ = {isa = PBXFileReference; explicitFileType = wrapper.cfbundle; includeInIndex = 0; path = RandomReminderUITests.xctest; sourceTree = BUILT_PRODUCTS_DIR; };
		8163F60D2D13A7540052A016 /* AppDelegate.swift */ = {isa = PBXFileReference; lastKnownFileType = sourcecode.swift; path = AppDelegate.swift; sourceTree = "<group>"; };
		8163F6112D13A90E0052A016 /* StatusBarController.swift */ = {isa = PBXFileReference; fileEncoding = 4; lastKnownFileType = sourcecode.swift; path = StatusBarController.swift; sourceTree = "<group>"; };
		8163F6142D13A9530052A016 /* GeneralPreferencesView.swift */ = {isa = PBXFileReference; fileEncoding = 4; lastKnownFileType = sourcecode.swift; path = GeneralPreferencesView.swift; sourceTree = "<group>"; };
		8163F6152D13A9530052A016 /* PreferencesView.swift */ = {isa = PBXFileReference; fileEncoding = 4; lastKnownFileType = sourcecode.swift; path = PreferencesView.swift; sourceTree = "<group>"; };
		81B525F22D18D7E7008D36F0 /* AboutPreferencesView.swift */ = {isa = PBXFileReference; lastKnownFileType = sourcecode.swift; path = AboutPreferencesView.swift; sourceTree = "<group>"; };
		81B525F42D18D885008D36F0 /* RemindersPreferencesView.swift */ = {isa = PBXFileReference; lastKnownFileType = sourcecode.swift; path = RemindersPreferencesView.swift; sourceTree = "<group>"; };
		81B525F62D18E164008D36F0 /* Constants.swift */ = {isa = PBXFileReference; lastKnownFileType = sourcecode.swift; name = Constants.swift; path = RandomReminder/Constants.swift; sourceTree = SOURCE_ROOT; };
/* End PBXFileReference section */

/* Begin PBXFrameworksBuildPhase section */
		8163F5CC2D1241D40052A016 /* Frameworks */ = {
			isa = PBXFrameworksBuildPhase;
			buildActionMask = 2147483647;
			files = (
				8163F60A2D139C230052A016 /* LaunchAtLogin in Frameworks */,
			);
			runOnlyForDeploymentPostprocessing = 0;
		};
		8163F5DD2D1241D50052A016 /* Frameworks */ = {
			isa = PBXFrameworksBuildPhase;
			buildActionMask = 2147483647;
			files = (
			);
			runOnlyForDeploymentPostprocessing = 0;
		};
		8163F5E72D1241D50052A016 /* Frameworks */ = {
			isa = PBXFrameworksBuildPhase;
			buildActionMask = 2147483647;
			files = (
			);
			runOnlyForDeploymentPostprocessing = 0;
		};
/* End PBXFrameworksBuildPhase section */

/* Begin PBXGroup section */
		8163F5C62D1241D40052A016 = {
			isa = PBXGroup;
			children = (
				8163F5D12D1241D40052A016 /* RandomReminder */,
				8163F5D02D1241D40052A016 /* Products */,
			);
			sourceTree = "<group>";
		};
		8163F5D02D1241D40052A016 /* Products */ = {
			isa = PBXGroup;
			children = (
				8163F5CF2D1241D40052A016 /* RandomReminder.app */,
				8163F5E02D1241D50052A016 /* RandomReminderTests.xctest */,
				8163F5EA2D1241D50052A016 /* RandomReminderUITests.xctest */,
			);
			name = Products;
			sourceTree = "<group>";
		};
		8163F5D12D1241D40052A016 /* RandomReminder */ = {
			isa = PBXGroup;
			children = (
				8163F6162D13A9530052A016 /* Views */,
				8163F6122D13A90E0052A016 /* Controllers */,
				8163F5D22D1241D40052A016 /* RandomReminderApp.swift */,
				8163F60D2D13A7540052A016 /* AppDelegate.swift */,
				81B525F62D18E164008D36F0 /* Constants.swift */,
				8163F5D62D1241D50052A016 /* Assets.xcassets */,
				8163F5DB2D1241D50052A016 /* RandomReminder.entitlements */,
				8163F5D82D1241D50052A016 /* Preview Content */,
			);
			path = RandomReminder;
			sourceTree = "<group>";
		};
		8163F5D82D1241D50052A016 /* Preview Content */ = {
			isa = PBXGroup;
			children = (
				8163F5D92D1241D50052A016 /* Preview Assets.xcassets */,
			);
			path = "Preview Content";
			sourceTree = "<group>";
		};
		8163F6122D13A90E0052A016 /* Controllers */ = {
			isa = PBXGroup;
			children = (
				8163F6112D13A90E0052A016 /* StatusBarController.swift */,
			);
			path = Controllers;
			sourceTree = "<group>";
		};
		8163F6162D13A9530052A016 /* Views */ = {
			isa = PBXGroup;
			children = (
				8163F6142D13A9530052A016 /* GeneralPreferencesView.swift */,
				81B525F22D18D7E7008D36F0 /* AboutPreferencesView.swift */,
				81B525F42D18D885008D36F0 /* RemindersPreferencesView.swift */,
				8163F6152D13A9530052A016 /* PreferencesView.swift */,
			);
			name = Views;
			path = RandomReminder/Views;
			sourceTree = SOURCE_ROOT;
		};
/* End PBXGroup section */

/* Begin PBXNativeTarget section */
		8163F5CE2D1241D40052A016 /* RandomReminder */ = {
			isa = PBXNativeTarget;
			buildConfigurationList = 8163F5F42D1241D50052A016 /* Build configuration list for PBXNativeTarget "RandomReminder" */;
			buildPhases = (
				8163F5CB2D1241D40052A016 /* Sources */,
				8163F5CC2D1241D40052A016 /* Frameworks */,
				8163F5CD2D1241D40052A016 /* Resources */,
			);
			buildRules = (
			);
			dependencies = (
			);
			name = RandomReminder;
			packageProductDependencies = (
				8163F6092D139C230052A016 /* LaunchAtLogin */,
			);
			productName = RandomReminder;
			productReference = 8163F5CF2D1241D40052A016 /* RandomReminder.app */;
			productType = "com.apple.product-type.application";
		};
		8163F5DF2D1241D50052A016 /* RandomReminderTests */ = {
			isa = PBXNativeTarget;
			buildConfigurationList = 8163F5F72D1241D50052A016 /* Build configuration list for PBXNativeTarget "RandomReminderTests" */;
			buildPhases = (
				8163F5DC2D1241D50052A016 /* Sources */,
				8163F5DD2D1241D50052A016 /* Frameworks */,
				8163F5DE2D1241D50052A016 /* Resources */,
			);
			buildRules = (
			);
			dependencies = (
				8163F5E22D1241D50052A016 /* PBXTargetDependency */,
			);
			name = RandomReminderTests;
			productName = RandomReminderTests;
			productReference = 8163F5E02D1241D50052A016 /* RandomReminderTests.xctest */;
			productType = "com.apple.product-type.bundle.unit-test";
		};
		8163F5E92D1241D50052A016 /* RandomReminderUITests */ = {
			isa = PBXNativeTarget;
			buildConfigurationList = 8163F5FA2D1241D50052A016 /* Build configuration list for PBXNativeTarget "RandomReminderUITests" */;
			buildPhases = (
				8163F5E62D1241D50052A016 /* Sources */,
				8163F5E72D1241D50052A016 /* Frameworks */,
				8163F5E82D1241D50052A016 /* Resources */,
			);
			buildRules = (
			);
			dependencies = (
				8163F5EC2D1241D50052A016 /* PBXTargetDependency */,
			);
			name = RandomReminderUITests;
			productName = RandomReminderUITests;
			productReference = 8163F5EA2D1241D50052A016 /* RandomReminderUITests.xctest */;
			productType = "com.apple.product-type.bundle.ui-testing";
		};
/* End PBXNativeTarget section */

/* Begin PBXProject section */
		8163F5C72D1241D40052A016 /* Project object */ = {
			isa = PBXProject;
			attributes = {
				BuildIndependentTargetsInParallel = 1;
				LastSwiftUpdateCheck = 1540;
				LastUpgradeCheck = 1540;
				TargetAttributes = {
					8163F5CE2D1241D40052A016 = {
						CreatedOnToolsVersion = 15.4;
					};
					8163F5DF2D1241D50052A016 = {
						CreatedOnToolsVersion = 15.4;
						TestTargetID = 8163F5CE2D1241D40052A016;
					};
					8163F5E92D1241D50052A016 = {
						CreatedOnToolsVersion = 15.4;
						TestTargetID = 8163F5CE2D1241D40052A016;
					};
				};
			};
			buildConfigurationList = 8163F5CA2D1241D40052A016 /* Build configuration list for PBXProject "RandomReminder" */;
			compatibilityVersion = "Xcode 14.0";
			developmentRegion = en;
			hasScannedForEncodings = 0;
			knownRegions = (
				en,
				Base,
			);
			mainGroup = 8163F5C62D1241D40052A016;
			packageReferences = (
				8163F6082D139AD60052A016 /* XCRemoteSwiftPackageReference "LaunchAtLogin-Modern" */,
			);
			productRefGroup = 8163F5D02D1241D40052A016 /* Products */;
			projectDirPath = "";
			projectRoot = "";
			targets = (
				8163F5CE2D1241D40052A016 /* RandomReminder */,
				8163F5DF2D1241D50052A016 /* RandomReminderTests */,
				8163F5E92D1241D50052A016 /* RandomReminderUITests */,
			);
		};
/* End PBXProject section */

/* Begin PBXResourcesBuildPhase section */
		8163F5CD2D1241D40052A016 /* Resources */ = {
			isa = PBXResourcesBuildPhase;
			buildActionMask = 2147483647;
			files = (
				8163F5DA2D1241D50052A016 /* Preview Assets.xcassets in Resources */,
				8163F5D72D1241D50052A016 /* Assets.xcassets in Resources */,
			);
			runOnlyForDeploymentPostprocessing = 0;
		};
		8163F5DE2D1241D50052A016 /* Resources */ = {
			isa = PBXResourcesBuildPhase;
			buildActionMask = 2147483647;
			files = (
			);
			runOnlyForDeploymentPostprocessing = 0;
		};
		8163F5E82D1241D50052A016 /* Resources */ = {
			isa = PBXResourcesBuildPhase;
			buildActionMask = 2147483647;
			files = (
			);
			runOnlyForDeploymentPostprocessing = 0;
		};
/* End PBXResourcesBuildPhase section */

/* Begin PBXSourcesBuildPhase section */
		8163F5CB2D1241D40052A016 /* Sources */ = {
			isa = PBXSourcesBuildPhase;
			buildActionMask = 2147483647;
			files = (
				8163F6172D13A9530052A016 /* GeneralPreferencesView.swift in Sources */,
				8163F6182D13A9530052A016 /* PreferencesView.swift in Sources */,
				8163F6132D13A90E0052A016 /* StatusBarController.swift in Sources */,
				8163F60E2D13A7540052A016 /* AppDelegate.swift in Sources */,
				81B525F32D18D7E7008D36F0 /* AboutPreferencesView.swift in Sources */,
				8163F5D32D1241D40052A016 /* RandomReminderApp.swift in Sources */,
				81B525F52D18D885008D36F0 /* RemindersPreferencesView.swift in Sources */,
				81B525F72D18E164008D36F0 /* Constants.swift in Sources */,
			);
			runOnlyForDeploymentPostprocessing = 0;
		};
		8163F5DC2D1241D50052A016 /* Sources */ = {
			isa = PBXSourcesBuildPhase;
			buildActionMask = 2147483647;
			files = (
			);
			runOnlyForDeploymentPostprocessing = 0;
		};
		8163F5E62D1241D50052A016 /* Sources */ = {
			isa = PBXSourcesBuildPhase;
			buildActionMask = 2147483647;
			files = (
			);
			runOnlyForDeploymentPostprocessing = 0;
		};
/* End PBXSourcesBuildPhase section */

/* Begin PBXTargetDependency section */
		8163F5E22D1241D50052A016 /* PBXTargetDependency */ = {
			isa = PBXTargetDependency;
			target = 8163F5CE2D1241D40052A016 /* RandomReminder */;
			targetProxy = 8163F5E12D1241D50052A016 /* PBXContainerItemProxy */;
		};
		8163F5EC2D1241D50052A016 /* PBXTargetDependency */ = {
			isa = PBXTargetDependency;
			target = 8163F5CE2D1241D40052A016 /* RandomReminder */;
			targetProxy = 8163F5EB2D1241D50052A016 /* PBXContainerItemProxy */;
		};
/* End PBXTargetDependency section */

/* Begin XCBuildConfiguration section */
		8163F5F22D1241D50052A016 /* Debug */ = {
			isa = XCBuildConfiguration;
			buildSettings = {
				ALWAYS_SEARCH_USER_PATHS = NO;
				ASSETCATALOG_COMPILER_GENERATE_SWIFT_ASSET_SYMBOL_EXTENSIONS = YES;
				CLANG_ANALYZER_NONNULL = YES;
				CLANG_ANALYZER_NUMBER_OBJECT_CONVERSION = YES_AGGRESSIVE;
				CLANG_CXX_LANGUAGE_STANDARD = "gnu++20";
				CLANG_ENABLE_MODULES = YES;
				CLANG_ENABLE_OBJC_ARC = YES;
				CLANG_ENABLE_OBJC_WEAK = YES;
				CLANG_WARN_BLOCK_CAPTURE_AUTORELEASING = YES;
				CLANG_WARN_BOOL_CONVERSION = YES;
				CLANG_WARN_COMMA = YES;
				CLANG_WARN_CONSTANT_CONVERSION = YES;
				CLANG_WARN_DEPRECATED_OBJC_IMPLEMENTATIONS = YES;
				CLANG_WARN_DIRECT_OBJC_ISA_USAGE = YES_ERROR;
				CLANG_WARN_DOCUMENTATION_COMMENTS = YES;
				CLANG_WARN_EMPTY_BODY = YES;
				CLANG_WARN_ENUM_CONVERSION = YES;
				CLANG_WARN_INFINITE_RECURSION = YES;
				CLANG_WARN_INT_CONVERSION = YES;
				CLANG_WARN_NON_LITERAL_NULL_CONVERSION = YES;
				CLANG_WARN_OBJC_IMPLICIT_RETAIN_SELF = YES;
				CLANG_WARN_OBJC_LITERAL_CONVERSION = YES;
				CLANG_WARN_OBJC_ROOT_CLASS = YES_ERROR;
				CLANG_WARN_QUOTED_INCLUDE_IN_FRAMEWORK_HEADER = YES;
				CLANG_WARN_RANGE_LOOP_ANALYSIS = YES;
				CLANG_WARN_STRICT_PROTOTYPES = YES;
				CLANG_WARN_SUSPICIOUS_MOVE = YES;
				CLANG_WARN_UNGUARDED_AVAILABILITY = YES_AGGRESSIVE;
				CLANG_WARN_UNREACHABLE_CODE = YES;
				CLANG_WARN__DUPLICATE_METHOD_MATCH = YES;
				COPY_PHASE_STRIP = NO;
				DEBUG_INFORMATION_FORMAT = dwarf;
				ENABLE_STRICT_OBJC_MSGSEND = YES;
				ENABLE_TESTABILITY = YES;
				ENABLE_USER_SCRIPT_SANDBOXING = YES;
				GCC_C_LANGUAGE_STANDARD = gnu17;
				GCC_DYNAMIC_NO_PIC = NO;
				GCC_NO_COMMON_BLOCKS = YES;
				GCC_OPTIMIZATION_LEVEL = 0;
				GCC_PREPROCESSOR_DEFINITIONS = (
					"DEBUG=1",
					"$(inherited)",
				);
				GCC_WARN_64_TO_32_BIT_CONVERSION = YES;
				GCC_WARN_ABOUT_RETURN_TYPE = YES_ERROR;
				GCC_WARN_UNDECLARED_SELECTOR = YES;
				GCC_WARN_UNINITIALIZED_AUTOS = YES_AGGRESSIVE;
				GCC_WARN_UNUSED_FUNCTION = YES;
				GCC_WARN_UNUSED_VARIABLE = YES;
				LOCALIZATION_PREFERS_STRING_CATALOGS = YES;
				MACOSX_DEPLOYMENT_TARGET = 14.5;
				MTL_ENABLE_DEBUG_INFO = INCLUDE_SOURCE;
				MTL_FAST_MATH = YES;
				ONLY_ACTIVE_ARCH = YES;
				SDKROOT = macosx;
				SWIFT_ACTIVE_COMPILATION_CONDITIONS = "DEBUG $(inherited)";
				SWIFT_OPTIMIZATION_LEVEL = "-Onone";
			};
			name = Debug;
		};
		8163F5F32D1241D50052A016 /* Release */ = {
			isa = XCBuildConfiguration;
			buildSettings = {
				ALWAYS_SEARCH_USER_PATHS = NO;
				ASSETCATALOG_COMPILER_GENERATE_SWIFT_ASSET_SYMBOL_EXTENSIONS = YES;
				CLANG_ANALYZER_NONNULL = YES;
				CLANG_ANALYZER_NUMBER_OBJECT_CONVERSION = YES_AGGRESSIVE;
				CLANG_CXX_LANGUAGE_STANDARD = "gnu++20";
				CLANG_ENABLE_MODULES = YES;
				CLANG_ENABLE_OBJC_ARC = YES;
				CLANG_ENABLE_OBJC_WEAK = YES;
				CLANG_WARN_BLOCK_CAPTURE_AUTORELEASING = YES;
				CLANG_WARN_BOOL_CONVERSION = YES;
				CLANG_WARN_COMMA = YES;
				CLANG_WARN_CONSTANT_CONVERSION = YES;
				CLANG_WARN_DEPRECATED_OBJC_IMPLEMENTATIONS = YES;
				CLANG_WARN_DIRECT_OBJC_ISA_USAGE = YES_ERROR;
				CLANG_WARN_DOCUMENTATION_COMMENTS = YES;
				CLANG_WARN_EMPTY_BODY = YES;
				CLANG_WARN_ENUM_CONVERSION = YES;
				CLANG_WARN_INFINITE_RECURSION = YES;
				CLANG_WARN_INT_CONVERSION = YES;
				CLANG_WARN_NON_LITERAL_NULL_CONVERSION = YES;
				CLANG_WARN_OBJC_IMPLICIT_RETAIN_SELF = YES;
				CLANG_WARN_OBJC_LITERAL_CONVERSION = YES;
				CLANG_WARN_OBJC_ROOT_CLASS = YES_ERROR;
				CLANG_WARN_QUOTED_INCLUDE_IN_FRAMEWORK_HEADER = YES;
				CLANG_WARN_RANGE_LOOP_ANALYSIS = YES;
				CLANG_WARN_STRICT_PROTOTYPES = YES;
				CLANG_WARN_SUSPICIOUS_MOVE = YES;
				CLANG_WARN_UNGUARDED_AVAILABILITY = YES_AGGRESSIVE;
				CLANG_WARN_UNREACHABLE_CODE = YES;
				CLANG_WARN__DUPLICATE_METHOD_MATCH = YES;
				COPY_PHASE_STRIP = NO;
				DEBUG_INFORMATION_FORMAT = "dwarf-with-dsym";
				ENABLE_NS_ASSERTIONS = NO;
				ENABLE_STRICT_OBJC_MSGSEND = YES;
				ENABLE_USER_SCRIPT_SANDBOXING = YES;
				GCC_C_LANGUAGE_STANDARD = gnu17;
				GCC_NO_COMMON_BLOCKS = YES;
				GCC_WARN_64_TO_32_BIT_CONVERSION = YES;
				GCC_WARN_ABOUT_RETURN_TYPE = YES_ERROR;
				GCC_WARN_UNDECLARED_SELECTOR = YES;
				GCC_WARN_UNINITIALIZED_AUTOS = YES_AGGRESSIVE;
				GCC_WARN_UNUSED_FUNCTION = YES;
				GCC_WARN_UNUSED_VARIABLE = YES;
				LOCALIZATION_PREFERS_STRING_CATALOGS = YES;
				MACOSX_DEPLOYMENT_TARGET = 14.5;
				MTL_ENABLE_DEBUG_INFO = NO;
				MTL_FAST_MATH = YES;
				SDKROOT = macosx;
				SWIFT_COMPILATION_MODE = wholemodule;
			};
			name = Release;
		};
		8163F5F52D1241D50052A016 /* Debug */ = {
			isa = XCBuildConfiguration;
			buildSettings = {
				ASSETCATALOG_COMPILER_APPICON_NAME = AppIcon;
				ASSETCATALOG_COMPILER_GLOBAL_ACCENT_COLOR_NAME = AccentColor;
				CODE_SIGN_ENTITLEMENTS = RandomReminder/RandomReminder.entitlements;
				CODE_SIGN_STYLE = Automatic;
				COMBINE_HIDPI_IMAGES = YES;
				CURRENT_PROJECT_VERSION = 1;
				DEVELOPMENT_ASSET_PATHS = "\"RandomReminder/Preview Content\"";
				DEVELOPMENT_TEAM = 79965ZZ2B4;
				ENABLE_HARDENED_RUNTIME = YES;
				ENABLE_PREVIEWS = YES;
				GENERATE_INFOPLIST_FILE = YES;
				INFOPLIST_KEY_NSHumanReadableCopyright = "";
				LD_RUNPATH_SEARCH_PATHS = (
					"$(inherited)",
					"@executable_path/../Frameworks",
				);
				MARKETING_VERSION = 1.0;
				PRODUCT_BUNDLE_IDENTIFIER = io.nicclassy.RandomReminder;
				PRODUCT_NAME = "$(TARGET_NAME)";
				SWIFT_EMIT_LOC_STRINGS = YES;
				SWIFT_VERSION = 5.0;
			};
			name = Debug;
		};
		8163F5F62D1241D50052A016 /* Release */ = {
			isa = XCBuildConfiguration;
			buildSettings = {
				ASSETCATALOG_COMPILER_APPICON_NAME = AppIcon;
				ASSETCATALOG_COMPILER_GLOBAL_ACCENT_COLOR_NAME = AccentColor;
				CODE_SIGN_ENTITLEMENTS = RandomReminder/RandomReminder.entitlements;
				CODE_SIGN_STYLE = Automatic;
				COMBINE_HIDPI_IMAGES = YES;
				CURRENT_PROJECT_VERSION = 1;
				DEVELOPMENT_ASSET_PATHS = "\"RandomReminder/Preview Content\"";
				DEVELOPMENT_TEAM = 79965ZZ2B4;
				ENABLE_HARDENED_RUNTIME = YES;
				ENABLE_PREVIEWS = YES;
				GENERATE_INFOPLIST_FILE = YES;
				INFOPLIST_KEY_NSHumanReadableCopyright = "";
				LD_RUNPATH_SEARCH_PATHS = (
					"$(inherited)",
					"@executable_path/../Frameworks",
				);
				MARKETING_VERSION = 1.0;
				PRODUCT_BUNDLE_IDENTIFIER = io.nicclassy.RandomReminder;
				PRODUCT_NAME = "$(TARGET_NAME)";
				SWIFT_EMIT_LOC_STRINGS = YES;
				SWIFT_VERSION = 5.0;
			};
			name = Release;
		};
		8163F5F82D1241D50052A016 /* Debug */ = {
			isa = XCBuildConfiguration;
			buildSettings = {
				ALWAYS_EMBED_SWIFT_STANDARD_LIBRARIES = YES;
				BUNDLE_LOADER = "$(TEST_HOST)";
				CODE_SIGN_STYLE = Automatic;
				CURRENT_PROJECT_VERSION = 1;
				DEVELOPMENT_TEAM = 79965ZZ2B4;
				GENERATE_INFOPLIST_FILE = YES;
				MACOSX_DEPLOYMENT_TARGET = 14.5;
				MARKETING_VERSION = 1.0;
				PRODUCT_BUNDLE_IDENTIFIER = io.nicclassy.RandomReminderTests;
				PRODUCT_NAME = "$(TARGET_NAME)";
				SWIFT_EMIT_LOC_STRINGS = NO;
				SWIFT_VERSION = 5.0;
				TEST_HOST = "$(BUILT_PRODUCTS_DIR)/RandomReminder.app/$(BUNDLE_EXECUTABLE_FOLDER_PATH)/RandomReminder";
			};
			name = Debug;
		};
		8163F5F92D1241D50052A016 /* Release */ = {
			isa = XCBuildConfiguration;
			buildSettings = {
				ALWAYS_EMBED_SWIFT_STANDARD_LIBRARIES = YES;
				BUNDLE_LOADER = "$(TEST_HOST)";
				CODE_SIGN_STYLE = Automatic;
				CURRENT_PROJECT_VERSION = 1;
				DEVELOPMENT_TEAM = 79965ZZ2B4;
				GENERATE_INFOPLIST_FILE = YES;
				MACOSX_DEPLOYMENT_TARGET = 14.5;
				MARKETING_VERSION = 1.0;
				PRODUCT_BUNDLE_IDENTIFIER = io.nicclassy.RandomReminderTests;
				PRODUCT_NAME = "$(TARGET_NAME)";
				SWIFT_EMIT_LOC_STRINGS = NO;
				SWIFT_VERSION = 5.0;
				TEST_HOST = "$(BUILT_PRODUCTS_DIR)/RandomReminder.app/$(BUNDLE_EXECUTABLE_FOLDER_PATH)/RandomReminder";
			};
			name = Release;
		};
		8163F5FB2D1241D50052A016 /* Debug */ = {
			isa = XCBuildConfiguration;
			buildSettings = {
				ALWAYS_EMBED_SWIFT_STANDARD_LIBRARIES = YES;
				CODE_SIGN_STYLE = Automatic;
				CURRENT_PROJECT_VERSION = 1;
				DEVELOPMENT_TEAM = 79965ZZ2B4;
				GENERATE_INFOPLIST_FILE = YES;
				MARKETING_VERSION = 1.0;
				PRODUCT_BUNDLE_IDENTIFIER = io.nicclassy.RandomReminderUITests;
				PRODUCT_NAME = "$(TARGET_NAME)";
				SWIFT_EMIT_LOC_STRINGS = NO;
				SWIFT_VERSION = 5.0;
				TEST_TARGET_NAME = RandomReminder;
			};
			name = Debug;
		};
		8163F5FC2D1241D50052A016 /* Release */ = {
			isa = XCBuildConfiguration;
			buildSettings = {
				ALWAYS_EMBED_SWIFT_STANDARD_LIBRARIES = YES;
				CODE_SIGN_STYLE = Automatic;
				CURRENT_PROJECT_VERSION = 1;
				DEVELOPMENT_TEAM = 79965ZZ2B4;
				GENERATE_INFOPLIST_FILE = YES;
				MARKETING_VERSION = 1.0;
				PRODUCT_BUNDLE_IDENTIFIER = io.nicclassy.RandomReminderUITests;
				PRODUCT_NAME = "$(TARGET_NAME)";
				SWIFT_EMIT_LOC_STRINGS = NO;
				SWIFT_VERSION = 5.0;
				TEST_TARGET_NAME = RandomReminder;
			};
			name = Release;
		};
/* End XCBuildConfiguration section */

/* Begin XCConfigurationList section */
		8163F5CA2D1241D40052A016 /* Build configuration list for PBXProject "RandomReminder" */ = {
			isa = XCConfigurationList;
			buildConfigurations = (
				8163F5F22D1241D50052A016 /* Debug */,
				8163F5F32D1241D50052A016 /* Release */,
			);
			defaultConfigurationIsVisible = 0;
			defaultConfigurationName = Release;
		};
		8163F5F42D1241D50052A016 /* Build configuration list for PBXNativeTarget "RandomReminder" */ = {
			isa = XCConfigurationList;
			buildConfigurations = (
				8163F5F52D1241D50052A016 /* Debug */,
				8163F5F62D1241D50052A016 /* Release */,
			);
			defaultConfigurationIsVisible = 0;
			defaultConfigurationName = Release;
		};
		8163F5F72D1241D50052A016 /* Build configuration list for PBXNativeTarget "RandomReminderTests" */ = {
			isa = XCConfigurationList;
			buildConfigurations = (
				8163F5F82D1241D50052A016 /* Debug */,
				8163F5F92D1241D50052A016 /* Release */,
			);
			defaultConfigurationIsVisible = 0;
			defaultConfigurationName = Release;
		};
		8163F5FA2D1241D50052A016 /* Build configuration list for PBXNativeTarget "RandomReminderUITests" */ = {
			isa = XCConfigurationList;
			buildConfigurations = (
				8163F5FB2D1241D50052A016 /* Debug */,
				8163F5FC2D1241D50052A016 /* Release */,
			);
			defaultConfigurationIsVisible = 0;
			defaultConfigurationName = Release;
		};
/* End XCConfigurationList section */

/* Begin XCRemoteSwiftPackageReference section */
		8163F6082D139AD60052A016 /* XCRemoteSwiftPackageReference "LaunchAtLogin-Modern" */ = {
			isa = XCRemoteSwiftPackageReference;
			repositoryURL = "https://github.com/sindresorhus/LaunchAtLogin-Modern";
			requirement = {
				branch = main;
				kind = branch;
			};
		};
/* End XCRemoteSwiftPackageReference section */

/* Begin XCSwiftPackageProductDependency section */
		8163F6092D139C230052A016 /* LaunchAtLogin */ = {
			isa = XCSwiftPackageProductDependency;
			package = 8163F6082D139AD60052A016 /* XCRemoteSwiftPackageReference "LaunchAtLogin-Modern" */;
			productName = LaunchAtLogin;
		};
/* End XCSwiftPackageProductDependency section */
	};
	rootObject = 8163F5C72D1241D40052A016 /* Project object */;
}
